
Microsoft Visual Studio Solution File, Format Version 12.00
# Visual Studio Version 17
VisualStudioVersion = 17.0.31903.59
MinimumVisualStudioVersion = 10.0.40219.1
Project("{2150E333-8FDC-42A3-9474-1A3956D46DE8}") = "src", "src", "{827E0CD3-B72D-47B6-A68D-7590B98EB39B}"
EndProject
Project("{2150E333-8FDC-42A3-9474-1A3956D46DE8}") = "Nalam360Enterprise.UI", "Nalam360Enterprise.UI", "{AC31BAED-8407-F5FC-4199-0B09C0618569}"
EndProject
Project("{FAE04EC0-301F-11D3-BF4B-00C04F79EFBC}") = "Nalam360Enterprise.UI", "src\Nalam360Enterprise.UI\Nalam360Enterprise.UI\Nalam360Enterprise.UI.csproj", "{7C5501F3-361D-4354-A460-910FB8BE4798}"
EndProject
Project("{2150E333-8FDC-42A3-9474-1A3956D46DE8}") = "tests", "tests", "{0AB3BF05-4346-4AA6-1389-037BE0695223}"
EndProject
Project("{2150E333-8FDC-42A3-9474-1A3956D46DE8}") = "Nalam360Enterprise.UI.Tests", "Nalam360Enterprise.UI.Tests", "{ECDD94DF-AD11-0CFB-9172-CBEDABCD0844}"
EndProject
Project("{FAE04EC0-301F-11D3-BF4B-00C04F79EFBC}") = "Nalam360Enterprise.UI.Tests", "tests\Nalam360Enterprise.UI.Tests\Nalam360Enterprise.UI.Tests\Nalam360Enterprise.UI.Tests.csproj", "{BEBE290E-C14A-4AE2-975B-39DA416B9436}"
EndProject
Project("{2150E333-8FDC-42A3-9474-1A3956D46DE8}") = "samples", "samples", "{5D20AA90-6969-D8BD-9DCD-8634F4692FDA}"
EndProject
Project("{2150E333-8FDC-42A3-9474-1A3956D46DE8}") = "Nalam360Enterprise.Samples", "Nalam360Enterprise.Samples", "{64ADDE98-20F1-A8BD-0452-606FAD229E41}"
EndProject
Project("{2150E333-8FDC-42A3-9474-1A3956D46DE8}") = "Nalam360Enterprise.Samples", "Nalam360Enterprise.Samples", "{EFE56740-D3D2-CCCF-C58A-F83B56A062D3}"
EndProject
Project("{FAE04EC0-301F-11D3-BF4B-00C04F79EFBC}") = "Nalam360Enterprise.Samples", "samples\Nalam360Enterprise.Samples\Nalam360Enterprise.Samples\Nalam360Enterprise.Samples\Nalam360Enterprise.Samples.csproj", "{74652CAC-1351-45EB-9E67-C76751F80D55}"
EndProject
Project("{FAE04EC0-301F-11D3-BF4B-00C04F79EFBC}") = "Nalam360Enterprise.Samples.Client", "samples\Nalam360Enterprise.Samples\Nalam360Enterprise.Samples\Nalam360Enterprise.Samples.Client\Nalam360Enterprise.Samples.Client.csproj", "{38598F7B-99FA-4F16-8BFB-80075889D8D3}"
EndProject
Project("{2150E333-8FDC-42A3-9474-1A3956D46DE8}") = "docs", "docs", "{208BA388-4CEE-2CBF-559C-5607C099C1F8}"
EndProject
Project("{2150E333-8FDC-42A3-9474-1A3956D46DE8}") = "Nalam360Enterprise.Docs", "Nalam360Enterprise.Docs", "{17B6AA3D-B3B9-DCC9-C071-5D7B8BC20228}"
EndProject
Project("{2150E333-8FDC-42A3-9474-1A3956D46DE8}") = "Nalam360Enterprise.Docs", "Nalam360Enterprise.Docs", "{FCF7360F-40D3-AE1D-986A-8C90DC19111D}"
EndProject
Project("{FAE04EC0-301F-11D3-BF4B-00C04F79EFBC}") = "Nalam360Enterprise.Docs", "docs\Nalam360Enterprise.Docs\Nalam360Enterprise.Docs\Nalam360Enterprise.Docs\Nalam360Enterprise.Docs.csproj", "{F8247921-04D5-4E8F-9827-752B5B049D4B}"
EndProject
Project("{FAE04EC0-301F-11D3-BF4B-00C04F79EFBC}") = "Nalam360Enterprise.Docs.Client", "docs\Nalam360Enterprise.Docs\Nalam360Enterprise.Docs\Nalam360Enterprise.Docs.Client\Nalam360Enterprise.Docs.Client.csproj", "{4BDF971B-AC39-4B33-BE56-9606583088DE}"
EndProject
Global
	GlobalSection(SolutionConfigurationPlatforms) = preSolution
		Debug|Any CPU = Debug|Any CPU
		Debug|x64 = Debug|x64
		Debug|x86 = Debug|x86
		Release|Any CPU = Release|Any CPU
		Release|x64 = Release|x64
		Release|x86 = Release|x86
	EndGlobalSection
	GlobalSection(ProjectConfigurationPlatforms) = postSolution
		{7C5501F3-361D-4354-A460-910FB8BE4798}.Debug|Any CPU.ActiveCfg = Debug|Any CPU
		{7C5501F3-361D-4354-A460-910FB8BE4798}.Debug|Any CPU.Build.0 = Debug|Any CPU
		{7C5501F3-361D-4354-A460-910FB8BE4798}.Debug|x64.ActiveCfg = Debug|Any CPU
		{7C5501F3-361D-4354-A460-910FB8BE4798}.Debug|x64.Build.0 = Debug|Any CPU
		{7C5501F3-361D-4354-A460-910FB8BE4798}.Debug|x86.ActiveCfg = Debug|Any CPU
		{7C5501F3-361D-4354-A460-910FB8BE4798}.Debug|x86.Build.0 = Debug|Any CPU
		{7C5501F3-361D-4354-A460-910FB8BE4798}.Release|Any CPU.ActiveCfg = Release|Any CPU
		{7C5501F3-361D-4354-A460-910FB8BE4798}.Release|Any CPU.Build.0 = Release|Any CPU
		{7C5501F3-361D-4354-A460-910FB8BE4798}.Release|x64.ActiveCfg = Release|Any CPU
		{7C5501F3-361D-4354-A460-910FB8BE4798}.Release|x64.Build.0 = Release|Any CPU
		{7C5501F3-361D-4354-A460-910FB8BE4798}.Release|x86.ActiveCfg = Release|Any CPU
		{7C5501F3-361D-4354-A460-910FB8BE4798}.Release|x86.Build.0 = Release|Any CPU
		{BEBE290E-C14A-4AE2-975B-39DA416B9436}.Debug|Any CPU.ActiveCfg = Debug|Any CPU
		{BEBE290E-C14A-4AE2-975B-39DA416B9436}.Debug|Any CPU.Build.0 = Debug|Any CPU
		{BEBE290E-C14A-4AE2-975B-39DA416B9436}.Debug|x64.ActiveCfg = Debug|Any CPU
		{BEBE290E-C14A-4AE2-975B-39DA416B9436}.Debug|x64.Build.0 = Debug|Any CPU
		{BEBE290E-C14A-4AE2-975B-39DA416B9436}.Debug|x86.ActiveCfg = Debug|Any CPU
		{BEBE290E-C14A-4AE2-975B-39DA416B9436}.Debug|x86.Build.0 = Debug|Any CPU
		{BEBE290E-C14A-4AE2-975B-39DA416B9436}.Release|Any CPU.ActiveCfg = Release|Any CPU
		{BEBE290E-C14A-4AE2-975B-39DA416B9436}.Release|Any CPU.Build.0 = Release|Any CPU
		{BEBE290E-C14A-4AE2-975B-39DA416B9436}.Release|x64.ActiveCfg = Release|Any CPU
		{BEBE290E-C14A-4AE2-975B-39DA416B9436}.Release|x64.Build.0 = Release|Any CPU
		{BEBE290E-C14A-4AE2-975B-39DA416B9436}.Release|x86.ActiveCfg = Release|Any CPU
		{BEBE290E-C14A-4AE2-975B-39DA416B9436}.Release|x86.Build.0 = Release|Any CPU
		{74652CAC-1351-45EB-9E67-C76751F80D55}.Debug|Any CPU.ActiveCfg = Debug|Any CPU
		{74652CAC-1351-45EB-9E67-C76751F80D55}.Debug|Any CPU.Build.0 = Debug|Any CPU
		{74652CAC-1351-45EB-9E67-C76751F80D55}.Debug|x64.ActiveCfg = Debug|Any CPU
		{74652CAC-1351-45EB-9E67-C76751F80D55}.Debug|x64.Build.0 = Debug|Any CPU
		{74652CAC-1351-45EB-9E67-C76751F80D55}.Debug|x86.ActiveCfg = Debug|Any CPU
		{74652CAC-1351-45EB-9E67-C76751F80D55}.Debug|x86.Build.0 = Debug|Any CPU
		{74652CAC-1351-45EB-9E67-C76751F80D55}.Release|Any CPU.ActiveCfg = Release|Any CPU
		{74652CAC-1351-45EB-9E67-C76751F80D55}.Release|Any CPU.Build.0 = Release|Any CPU
		{74652CAC-1351-45EB-9E67-C76751F80D55}.Release|x64.ActiveCfg = Release|Any CPU
		{74652CAC-1351-45EB-9E67-C76751F80D55}.Release|x64.Build.0 = Release|Any CPU
		{74652CAC-1351-45EB-9E67-C76751F80D55}.Release|x86.ActiveCfg = Release|Any CPU
		{74652CAC-1351-45EB-9E67-C76751F80D55}.Release|x86.Build.0 = Release|Any CPU
		{38598F7B-99FA-4F16-8BFB-80075889D8D3}.Debug|Any CPU.ActiveCfg = Debug|Any CPU
		{38598F7B-99FA-4F16-8BFB-80075889D8D3}.Debug|Any CPU.Build.0 = Debug|Any CPU
		{38598F7B-99FA-4F16-8BFB-80075889D8D3}.Debug|x64.ActiveCfg = Debug|Any CPU
		{38598F7B-99FA-4F16-8BFB-80075889D8D3}.Debug|x64.Build.0 = Debug|Any CPU
		{38598F7B-99FA-4F16-8BFB-80075889D8D3}.Debug|x86.ActiveCfg = Debug|Any CPU
		{38598F7B-99FA-4F16-8BFB-80075889D8D3}.Debug|x86.Build.0 = Debug|Any CPU
		{38598F7B-99FA-4F16-8BFB-80075889D8D3}.Release|Any CPU.ActiveCfg = Release|Any CPU
		{38598F7B-99FA-4F16-8BFB-80075889D8D3}.Release|Any CPU.Build.0 = Release|Any CPU
		{38598F7B-99FA-4F16-8BFB-80075889D8D3}.Release|x64.ActiveCfg = Release|Any CPU
		{38598F7B-99FA-4F16-8BFB-80075889D8D3}.Release|x64.Build.0 = Release|Any CPU
		{38598F7B-99FA-4F16-8BFB-80075889D8D3}.Release|x86.ActiveCfg = Release|Any CPU
		{38598F7B-99FA-4F16-8BFB-80075889D8D3}.Release|x86.Build.0 = Release|Any CPU
		{F8247921-04D5-4E8F-9827-752B5B049D4B}.Debug|Any CPU.ActiveCfg = Debug|Any CPU
		{F8247921-04D5-4E8F-9827-752B5B049D4B}.Debug|Any CPU.Build.0 = Debug|Any CPU
		{F8247921-04D5-4E8F-9827-752B5B049D4B}.Debug|x64.ActiveCfg = Debug|Any CPU
		{F8247921-04D5-4E8F-9827-752B5B049D4B}.Debug|x64.Build.0 = Debug|Any CPU
		{F8247921-04D5-4E8F-9827-752B5B049D4B}.Debug|x86.ActiveCfg = Debug|Any CPU
		{F8247921-04D5-4E8F-9827-752B5B049D4B}.Debug|x86.Build.0 = Debug|Any CPU
		{F8247921-04D5-4E8F-9827-752B5B049D4B}.Release|Any CPU.ActiveCfg = Release|Any CPU
		{F8247921-04D5-4E8F-9827-752B5B049D4B}.Release|Any CPU.Build.0 = Release|Any CPU
		{F8247921-04D5-4E8F-9827-752B5B049D4B}.Release|x64.ActiveCfg = Release|Any CPU
		{F8247921-04D5-4E8F-9827-752B5B049D4B}.Release|x64.Build.0 = Release|Any CPU
		{F8247921-04D5-4E8F-9827-752B5B049D4B}.Release|x86.ActiveCfg = Release|Any CPU
		{F8247921-04D5-4E8F-9827-752B5B049D4B}.Release|x86.Build.0 = Release|Any CPU
		{4BDF971B-AC39-4B33-BE56-9606583088DE}.Debug|Any CPU.ActiveCfg = Debug|Any CPU
		{4BDF971B-AC39-4B33-BE56-9606583088DE}.Debug|Any CPU.Build.0 = Debug|Any CPU
		{4BDF971B-AC39-4B33-BE56-9606583088DE}.Debug|x64.ActiveCfg = Debug|Any CPU
		{4BDF971B-AC39-4B33-BE56-9606583088DE}.Debug|x64.Build.0 = Debug|Any CPU
		{4BDF971B-AC39-4B33-BE56-9606583088DE}.Debug|x86.ActiveCfg = Debug|Any CPU
		{4BDF971B-AC39-4B33-BE56-9606583088DE}.Debug|x86.Build.0 = Debug|Any CPU
		{4BDF971B-AC39-4B33-BE56-9606583088DE}.Release|Any CPU.ActiveCfg = Release|Any CPU
		{4BDF971B-AC39-4B33-BE56-9606583088DE}.Release|Any CPU.Build.0 = Release|Any CPU
		{4BDF971B-AC39-4B33-BE56-9606583088DE}.Release|x64.ActiveCfg = Release|Any CPU
		{4BDF971B-AC39-4B33-BE56-9606583088DE}.Release|x64.Build.0 = Release|Any CPU
		{4BDF971B-AC39-4B33-BE56-9606583088DE}.Release|x86.ActiveCfg = Release|Any CPU
		{4BDF971B-AC39-4B33-BE56-9606583088DE}.Release|x86.Build.0 = Release|Any CPU
	EndGlobalSection
	GlobalSection(SolutionProperties) = preSolution
		HideSolutionNode = FALSE
	EndGlobalSection
	GlobalSection(NestedProjects) = preSolution
		{AC31BAED-8407-F5FC-4199-0B09C0618569} = {827E0CD3-B72D-47B6-A68D-7590B98EB39B}
		{7C5501F3-361D-4354-A460-910FB8BE4798} = {AC31BAED-8407-F5FC-4199-0B09C0618569}
		{ECDD94DF-AD11-0CFB-9172-CBEDABCD0844} = {0AB3BF05-4346-4AA6-1389-037BE0695223}
		{BEBE290E-C14A-4AE2-975B-39DA416B9436} = {ECDD94DF-AD11-0CFB-9172-CBEDABCD0844}
		{64ADDE98-20F1-A8BD-0452-606FAD229E41} = {5D20AA90-6969-D8BD-9DCD-8634F4692FDA}
		{EFE56740-D3D2-CCCF-C58A-F83B56A062D3} = {64ADDE98-20F1-A8BD-0452-606FAD229E41}
		{74652CAC-1351-45EB-9E67-C76751F80D55} = {EFE56740-D3D2-CCCF-C58A-F83B56A062D3}
		{38598F7B-99FA-4F16-8BFB-80075889D8D3} = {EFE56740-D3D2-CCCF-C58A-F83B56A062D3}
		{17B6AA3D-B3B9-DCC9-C071-5D7B8BC20228} = {208BA388-4CEE-2CBF-559C-5607C099C1F8}
		{FCF7360F-40D3-AE1D-986A-8C90DC19111D} = {17B6AA3D-B3B9-DCC9-C071-5D7B8BC20228}
		{F8247921-04D5-4E8F-9827-752B5B049D4B} = {FCF7360F-40D3-AE1D-986A-8C90DC19111D}
		{4BDF971B-AC39-4B33-BE56-9606583088DE} = {FCF7360F-40D3-AE1D-986A-8C90DC19111D}
	EndGlobalSection
EndGlobal
