
Microsoft Visual Studio Solution File, Format Version 12.00
# Visual Studio Version 17
VisualStudioVersion = 17.0.31903.59
MinimumVisualStudioVersion = 10.0.40219.1
Project("{2150E333-8FDC-42A3-9474-1A3956D46DE8}") = "src", "src", "{827E0CD3-B72D-47B6-A68D-7590B98EB39B}"
EndProject
Project("{FAE04EC0-301F-11D3-BF4B-00C04F79EFBC}") = "Nalam360.Platform.Core", "src\Nalam360.Platform.Core\Nalam360.Platform.Core.csproj", "{324A565F-5A4C-4A67-B623-41FE92E1CB58}"
EndProject
Project("{FAE04EC0-301F-11D3-BF4B-00C04F79EFBC}") = "Nalam360.Platform.Domain", "src\Nalam360.Platform.Domain\Nalam360.Platform.Domain.csproj", "{E3DE0A53-A185-4589-8963-635BA636BBA7}"
EndProject
Project("{FAE04EC0-301F-11D3-BF4B-00C04F79EFBC}") = "Nalam360.Platform.Application", "src\Nalam360.Platform.Application\Nalam360.Platform.Application.csproj", "{7EEF8FD2-7F52-406A-AA85-57CE5A9860F8}"
EndProject
Project("{FAE04EC0-301F-11D3-BF4B-00C04F79EFBC}") = "Nalam360.Platform.Data", "src\Nalam360.Platform.Data\Nalam360.Platform.Data.csproj", "{1091AEC9-53FA-40DA-A3BD-43D2A2E56723}"
EndProject
Project("{FAE04EC0-301F-11D3-BF4B-00C04F79EFBC}") = "Nalam360.Platform.Messaging", "src\Nalam360.Platform.Messaging\Nalam360.Platform.Messaging.csproj", "{6EF8C5EF-F506-48BE-977E-3D7374B1BE91}"
EndProject
Project("{FAE04EC0-301F-11D3-BF4B-00C04F79EFBC}") = "Nalam360.Platform.Caching", "src\Nalam360.Platform.Caching\Nalam360.Platform.Caching.csproj", "{DAEFF719-C26F-43E1-A179-A64E8D245DDA}"
EndProject
Project("{FAE04EC0-301F-11D3-BF4B-00C04F79EFBC}") = "Nalam360.Platform.Serialization", "src\Nalam360.Platform.Serialization\Nalam360.Platform.Serialization.csproj", "{EA5C94A2-0264-4872-8DFA-6BC780BEE0D0}"
EndProject
Project("{FAE04EC0-301F-11D3-BF4B-00C04F79EFBC}") = "Nalam360.Platform.Security", "src\Nalam360.Platform.Security\Nalam360.Platform.Security.csproj", "{51692166-1F6D-4BE7-8895-DBB95EB7C2F1}"
EndProject
Project("{FAE04EC0-301F-11D3-BF4B-00C04F79EFBC}") = "Nalam360.Platform.Observability", "src\Nalam360.Platform.Observability\Nalam360.Platform.Observability.csproj", "{A3BE7200-CD9B-4E81-B0EC-44B21E5C2B39}"
EndProject
Project("{FAE04EC0-301F-11D3-BF4B-00C04F79EFBC}") = "Nalam360.Platform.Integration", "src\Nalam360.Platform.Integration\Nalam360.Platform.Integration.csproj", "{E81AD95F-FEE0-4949-ADF2-C55A80C83E67}"
EndProject
Project("{FAE04EC0-301F-11D3-BF4B-00C04F79EFBC}") = "Nalam360.Platform.FeatureFlags", "src\Nalam360.Platform.FeatureFlags\Nalam360.Platform.FeatureFlags.csproj", "{A97AC72E-2609-4862-8E5E-F85F5CE45C7B}"
EndProject
Project("{FAE04EC0-301F-11D3-BF4B-00C04F79EFBC}") = "Nalam360.Platform.Tenancy", "src\Nalam360.Platform.Tenancy\Nalam360.Platform.Tenancy.csproj", "{742338F3-A393-4607-9C13-23E102D3F271}"
EndProject
Project("{FAE04EC0-301F-11D3-BF4B-00C04F79EFBC}") = "Nalam360.Platform.Validation", "src\Nalam360.Platform.Validation\Nalam360.Platform.Validation.csproj", "{9BA49096-9146-4E24-8B0C-7D43F4B31095}"
EndProject
Project("{FAE04EC0-301F-11D3-BF4B-00C04F79EFBC}") = "Nalam360.Platform.Documentation", "src\Nalam360.Platform.Documentation\Nalam360.Platform.Documentation.csproj", "{53D7C18C-C7CE-4AF2-9A03-0D88659847E1}"
EndProject
Global
	GlobalSection(SolutionConfigurationPlatforms) = preSolution
		Debug|Any CPU = Debug|Any CPU
		Debug|x64 = Debug|x64
		Debug|x86 = Debug|x86
		Release|Any CPU = Release|Any CPU
		Release|x64 = Release|x64
		Release|x86 = Release|x86
	EndGlobalSection
	GlobalSection(ProjectConfigurationPlatforms) = postSolution
		{324A565F-5A4C-4A67-B623-41FE92E1CB58}.Debug|Any CPU.ActiveCfg = Debug|Any CPU
		{324A565F-5A4C-4A67-B623-41FE92E1CB58}.Debug|Any CPU.Build.0 = Debug|Any CPU
		{324A565F-5A4C-4A67-B623-41FE92E1CB58}.Debug|x64.ActiveCfg = Debug|Any CPU
		{324A565F-5A4C-4A67-B623-41FE92E1CB58}.Debug|x64.Build.0 = Debug|Any CPU
		{324A565F-5A4C-4A67-B623-41FE92E1CB58}.Debug|x86.ActiveCfg = Debug|Any CPU
		{324A565F-5A4C-4A67-B623-41FE92E1CB58}.Debug|x86.Build.0 = Debug|Any CPU
		{324A565F-5A4C-4A67-B623-41FE92E1CB58}.Release|Any CPU.ActiveCfg = Release|Any CPU
		{324A565F-5A4C-4A67-B623-41FE92E1CB58}.Release|Any CPU.Build.0 = Release|Any CPU
		{324A565F-5A4C-4A67-B623-41FE92E1CB58}.Release|x64.ActiveCfg = Release|Any CPU
		{324A565F-5A4C-4A67-B623-41FE92E1CB58}.Release|x64.Build.0 = Release|Any CPU
		{324A565F-5A4C-4A67-B623-41FE92E1CB58}.Release|x86.ActiveCfg = Release|Any CPU
		{324A565F-5A4C-4A67-B623-41FE92E1CB58}.Release|x86.Build.0 = Release|Any CPU
		{E3DE0A53-A185-4589-8963-635BA636BBA7}.Debug|Any CPU.ActiveCfg = Debug|Any CPU
		{E3DE0A53-A185-4589-8963-635BA636BBA7}.Debug|Any CPU.Build.0 = Debug|Any CPU
		{E3DE0A53-A185-4589-8963-635BA636BBA7}.Debug|x64.ActiveCfg = Debug|Any CPU
		{E3DE0A53-A185-4589-8963-635BA636BBA7}.Debug|x64.Build.0 = Debug|Any CPU
		{E3DE0A53-A185-4589-8963-635BA636BBA7}.Debug|x86.ActiveCfg = Debug|Any CPU
		{E3DE0A53-A185-4589-8963-635BA636BBA7}.Debug|x86.Build.0 = Debug|Any CPU
		{E3DE0A53-A185-4589-8963-635BA636BBA7}.Release|Any CPU.ActiveCfg = Release|Any CPU
		{E3DE0A53-A185-4589-8963-635BA636BBA7}.Release|Any CPU.Build.0 = Release|Any CPU
		{E3DE0A53-A185-4589-8963-635BA636BBA7}.Release|x64.ActiveCfg = Release|Any CPU
		{E3DE0A53-A185-4589-8963-635BA636BBA7}.Release|x64.Build.0 = Release|Any CPU
		{E3DE0A53-A185-4589-8963-635BA636BBA7}.Release|x86.ActiveCfg = Release|Any CPU
		{E3DE0A53-A185-4589-8963-635BA636BBA7}.Release|x86.Build.0 = Release|Any CPU
		{7EEF8FD2-7F52-406A-AA85-57CE5A9860F8}.Debug|Any CPU.ActiveCfg = Debug|Any CPU
		{7EEF8FD2-7F52-406A-AA85-57CE5A9860F8}.Debug|Any CPU.Build.0 = Debug|Any CPU
		{7EEF8FD2-7F52-406A-AA85-57CE5A9860F8}.Debug|x64.ActiveCfg = Debug|Any CPU
		{7EEF8FD2-7F52-406A-AA85-57CE5A9860F8}.Debug|x64.Build.0 = Debug|Any CPU
		{7EEF8FD2-7F52-406A-AA85-57CE5A9860F8}.Debug|x86.ActiveCfg = Debug|Any CPU
		{7EEF8FD2-7F52-406A-AA85-57CE5A9860F8}.Debug|x86.Build.0 = Debug|Any CPU
		{7EEF8FD2-7F52-406A-AA85-57CE5A9860F8}.Release|Any CPU.ActiveCfg = Release|Any CPU
		{7EEF8FD2-7F52-406A-AA85-57CE5A9860F8}.Release|Any CPU.Build.0 = Release|Any CPU
		{7EEF8FD2-7F52-406A-AA85-57CE5A9860F8}.Release|x64.ActiveCfg = Release|Any CPU
		{7EEF8FD2-7F52-406A-AA85-57CE5A9860F8}.Release|x64.Build.0 = Release|Any CPU
		{7EEF8FD2-7F52-406A-AA85-57CE5A9860F8}.Release|x86.ActiveCfg = Release|Any CPU
		{7EEF8FD2-7F52-406A-AA85-57CE5A9860F8}.Release|x86.Build.0 = Release|Any CPU
		{1091AEC9-53FA-40DA-A3BD-43D2A2E56723}.Debug|Any CPU.ActiveCfg = Debug|Any CPU
		{1091AEC9-53FA-40DA-A3BD-43D2A2E56723}.Debug|Any CPU.Build.0 = Debug|Any CPU
		{1091AEC9-53FA-40DA-A3BD-43D2A2E56723}.Debug|x64.ActiveCfg = Debug|Any CPU
		{1091AEC9-53FA-40DA-A3BD-43D2A2E56723}.Debug|x64.Build.0 = Debug|Any CPU
		{1091AEC9-53FA-40DA-A3BD-43D2A2E56723}.Debug|x86.ActiveCfg = Debug|Any CPU
		{1091AEC9-53FA-40DA-A3BD-43D2A2E56723}.Debug|x86.Build.0 = Debug|Any CPU
		{1091AEC9-53FA-40DA-A3BD-43D2A2E56723}.Release|Any CPU.ActiveCfg = Release|Any CPU
		{1091AEC9-53FA-40DA-A3BD-43D2A2E56723}.Release|Any CPU.Build.0 = Release|Any CPU
		{1091AEC9-53FA-40DA-A3BD-43D2A2E56723}.Release|x64.ActiveCfg = Release|Any CPU
		{1091AEC9-53FA-40DA-A3BD-43D2A2E56723}.Release|x64.Build.0 = Release|Any CPU
		{1091AEC9-53FA-40DA-A3BD-43D2A2E56723}.Release|x86.ActiveCfg = Release|Any CPU
		{1091AEC9-53FA-40DA-A3BD-43D2A2E56723}.Release|x86.Build.0 = Release|Any CPU
		{6EF8C5EF-F506-48BE-977E-3D7374B1BE91}.Debug|Any CPU.ActiveCfg = Debug|Any CPU
		{6EF8C5EF-F506-48BE-977E-3D7374B1BE91}.Debug|Any CPU.Build.0 = Debug|Any CPU
		{6EF8C5EF-F506-48BE-977E-3D7374B1BE91}.Debug|x64.ActiveCfg = Debug|Any CPU
		{6EF8C5EF-F506-48BE-977E-3D7374B1BE91}.Debug|x64.Build.0 = Debug|Any CPU
		{6EF8C5EF-F506-48BE-977E-3D7374B1BE91}.Debug|x86.ActiveCfg = Debug|Any CPU
		{6EF8C5EF-F506-48BE-977E-3D7374B1BE91}.Debug|x86.Build.0 = Debug|Any CPU
		{6EF8C5EF-F506-48BE-977E-3D7374B1BE91}.Release|Any CPU.ActiveCfg = Release|Any CPU
		{6EF8C5EF-F506-48BE-977E-3D7374B1BE91}.Release|Any CPU.Build.0 = Release|Any CPU
		{6EF8C5EF-F506-48BE-977E-3D7374B1BE91}.Release|x64.ActiveCfg = Release|Any CPU
		{6EF8C5EF-F506-48BE-977E-3D7374B1BE91}.Release|x64.Build.0 = Release|Any CPU
		{6EF8C5EF-F506-48BE-977E-3D7374B1BE91}.Release|x86.ActiveCfg = Release|Any CPU
		{6EF8C5EF-F506-48BE-977E-3D7374B1BE91}.Release|x86.Build.0 = Release|Any CPU
		{DAEFF719-C26F-43E1-A179-A64E8D245DDA}.Debug|Any CPU.ActiveCfg = Debug|Any CPU
		{DAEFF719-C26F-43E1-A179-A64E8D245DDA}.Debug|Any CPU.Build.0 = Debug|Any CPU
		{DAEFF719-C26F-43E1-A179-A64E8D245DDA}.Debug|x64.ActiveCfg = Debug|Any CPU
		{DAEFF719-C26F-43E1-A179-A64E8D245DDA}.Debug|x64.Build.0 = Debug|Any CPU
		{DAEFF719-C26F-43E1-A179-A64E8D245DDA}.Debug|x86.ActiveCfg = Debug|Any CPU
		{DAEFF719-C26F-43E1-A179-A64E8D245DDA}.Debug|x86.Build.0 = Debug|Any CPU
		{DAEFF719-C26F-43E1-A179-A64E8D245DDA}.Release|Any CPU.ActiveCfg = Release|Any CPU
		{DAEFF719-C26F-43E1-A179-A64E8D245DDA}.Release|Any CPU.Build.0 = Release|Any CPU
		{DAEFF719-C26F-43E1-A179-A64E8D245DDA}.Release|x64.ActiveCfg = Release|Any CPU
		{DAEFF719-C26F-43E1-A179-A64E8D245DDA}.Release|x64.Build.0 = Release|Any CPU
		{DAEFF719-C26F-43E1-A179-A64E8D245DDA}.Release|x86.ActiveCfg = Release|Any CPU
		{DAEFF719-C26F-43E1-A179-A64E8D245DDA}.Release|x86.Build.0 = Release|Any CPU
		{EA5C94A2-0264-4872-8DFA-6BC780BEE0D0}.Debug|Any CPU.ActiveCfg = Debug|Any CPU
		{EA5C94A2-0264-4872-8DFA-6BC780BEE0D0}.Debug|Any CPU.Build.0 = Debug|Any CPU
		{EA5C94A2-0264-4872-8DFA-6BC780BEE0D0}.Debug|x64.ActiveCfg = Debug|Any CPU
		{EA5C94A2-0264-4872-8DFA-6BC780BEE0D0}.Debug|x64.Build.0 = Debug|Any CPU
		{EA5C94A2-0264-4872-8DFA-6BC780BEE0D0}.Debug|x86.ActiveCfg = Debug|Any CPU
		{EA5C94A2-0264-4872-8DFA-6BC780BEE0D0}.Debug|x86.Build.0 = Debug|Any CPU
		{EA5C94A2-0264-4872-8DFA-6BC780BEE0D0}.Release|Any CPU.ActiveCfg = Release|Any CPU
		{EA5C94A2-0264-4872-8DFA-6BC780BEE0D0}.Release|Any CPU.Build.0 = Release|Any CPU
		{EA5C94A2-0264-4872-8DFA-6BC780BEE0D0}.Release|x64.ActiveCfg = Release|Any CPU
		{EA5C94A2-0264-4872-8DFA-6BC780BEE0D0}.Release|x64.Build.0 = Release|Any CPU
		{EA5C94A2-0264-4872-8DFA-6BC780BEE0D0}.Release|x86.ActiveCfg = Release|Any CPU
		{EA5C94A2-0264-4872-8DFA-6BC780BEE0D0}.Release|x86.Build.0 = Release|Any CPU
		{51692166-1F6D-4BE7-8895-DBB95EB7C2F1}.Debug|Any CPU.ActiveCfg = Debug|Any CPU
		{51692166-1F6D-4BE7-8895-DBB95EB7C2F1}.Debug|Any CPU.Build.0 = Debug|Any CPU
		{51692166-1F6D-4BE7-8895-DBB95EB7C2F1}.Debug|x64.ActiveCfg = Debug|Any CPU
		{51692166-1F6D-4BE7-8895-DBB95EB7C2F1}.Debug|x64.Build.0 = Debug|Any CPU
		{51692166-1F6D-4BE7-8895-DBB95EB7C2F1}.Debug|x86.ActiveCfg = Debug|Any CPU
		{51692166-1F6D-4BE7-8895-DBB95EB7C2F1}.Debug|x86.Build.0 = Debug|Any CPU
		{51692166-1F6D-4BE7-8895-DBB95EB7C2F1}.Release|Any CPU.ActiveCfg = Release|Any CPU
		{51692166-1F6D-4BE7-8895-DBB95EB7C2F1}.Release|Any CPU.Build.0 = Release|Any CPU
		{51692166-1F6D-4BE7-8895-DBB95EB7C2F1}.Release|x64.ActiveCfg = Release|Any CPU
		{51692166-1F6D-4BE7-8895-DBB95EB7C2F1}.Release|x64.Build.0 = Release|Any CPU
		{51692166-1F6D-4BE7-8895-DBB95EB7C2F1}.Release|x86.ActiveCfg = Release|Any CPU
		{51692166-1F6D-4BE7-8895-DBB95EB7C2F1}.Release|x86.Build.0 = Release|Any CPU
		{A3BE7200-CD9B-4E81-B0EC-44B21E5C2B39}.Debug|Any CPU.ActiveCfg = Debug|Any CPU
		{A3BE7200-CD9B-4E81-B0EC-44B21E5C2B39}.Debug|Any CPU.Build.0 = Debug|Any CPU
		{A3BE7200-CD9B-4E81-B0EC-44B21E5C2B39}.Debug|x64.ActiveCfg = Debug|Any CPU
		{A3BE7200-CD9B-4E81-B0EC-44B21E5C2B39}.Debug|x64.Build.0 = Debug|Any CPU
		{A3BE7200-CD9B-4E81-B0EC-44B21E5C2B39}.Debug|x86.ActiveCfg = Debug|Any CPU
		{A3BE7200-CD9B-4E81-B0EC-44B21E5C2B39}.Debug|x86.Build.0 = Debug|Any CPU
		{A3BE7200-CD9B-4E81-B0EC-44B21E5C2B39}.Release|Any CPU.ActiveCfg = Release|Any CPU
		{A3BE7200-CD9B-4E81-B0EC-44B21E5C2B39}.Release|Any CPU.Build.0 = Release|Any CPU
		{A3BE7200-CD9B-4E81-B0EC-44B21E5C2B39}.Release|x64.ActiveCfg = Release|Any CPU
		{A3BE7200-CD9B-4E81-B0EC-44B21E5C2B39}.Release|x64.Build.0 = Release|Any CPU
		{A3BE7200-CD9B-4E81-B0EC-44B21E5C2B39}.Release|x86.ActiveCfg = Release|Any CPU
		{A3BE7200-CD9B-4E81-B0EC-44B21E5C2B39}.Release|x86.Build.0 = Release|Any CPU
		{E81AD95F-FEE0-4949-ADF2-C55A80C83E67}.Debug|Any CPU.ActiveCfg = Debug|Any CPU
		{E81AD95F-FEE0-4949-ADF2-C55A80C83E67}.Debug|Any CPU.Build.0 = Debug|Any CPU
		{E81AD95F-FEE0-4949-ADF2-C55A80C83E67}.Debug|x64.ActiveCfg = Debug|Any CPU
		{E81AD95F-FEE0-4949-ADF2-C55A80C83E67}.Debug|x64.Build.0 = Debug|Any CPU
		{E81AD95F-FEE0-4949-ADF2-C55A80C83E67}.Debug|x86.ActiveCfg = Debug|Any CPU
		{E81AD95F-FEE0-4949-ADF2-C55A80C83E67}.Debug|x86.Build.0 = Debug|Any CPU
		{E81AD95F-FEE0-4949-ADF2-C55A80C83E67}.Release|Any CPU.ActiveCfg = Release|Any CPU
		{E81AD95F-FEE0-4949-ADF2-C55A80C83E67}.Release|Any CPU.Build.0 = Release|Any CPU
		{E81AD95F-FEE0-4949-ADF2-C55A80C83E67}.Release|x64.ActiveCfg = Release|Any CPU
		{E81AD95F-FEE0-4949-ADF2-C55A80C83E67}.Release|x64.Build.0 = Release|Any CPU
		{E81AD95F-FEE0-4949-ADF2-C55A80C83E67}.Release|x86.ActiveCfg = Release|Any CPU
		{E81AD95F-FEE0-4949-ADF2-C55A80C83E67}.Release|x86.Build.0 = Release|Any CPU
		{A97AC72E-2609-4862-8E5E-F85F5CE45C7B}.Debug|Any CPU.ActiveCfg = Debug|Any CPU
		{A97AC72E-2609-4862-8E5E-F85F5CE45C7B}.Debug|Any CPU.Build.0 = Debug|Any CPU
		{A97AC72E-2609-4862-8E5E-F85F5CE45C7B}.Debug|x64.ActiveCfg = Debug|Any CPU
		{A97AC72E-2609-4862-8E5E-F85F5CE45C7B}.Debug|x64.Build.0 = Debug|Any CPU
		{A97AC72E-2609-4862-8E5E-F85F5CE45C7B}.Debug|x86.ActiveCfg = Debug|Any CPU
		{A97AC72E-2609-4862-8E5E-F85F5CE45C7B}.Debug|x86.Build.0 = Debug|Any CPU
		{A97AC72E-2609-4862-8E5E-F85F5CE45C7B}.Release|Any CPU.ActiveCfg = Release|Any CPU
		{A97AC72E-2609-4862-8E5E-F85F5CE45C7B}.Release|Any CPU.Build.0 = Release|Any CPU
		{A97AC72E-2609-4862-8E5E-F85F5CE45C7B}.Release|x64.ActiveCfg = Release|Any CPU
		{A97AC72E-2609-4862-8E5E-F85F5CE45C7B}.Release|x64.Build.0 = Release|Any CPU
		{A97AC72E-2609-4862-8E5E-F85F5CE45C7B}.Release|x86.ActiveCfg = Release|Any CPU
		{A97AC72E-2609-4862-8E5E-F85F5CE45C7B}.Release|x86.Build.0 = Release|Any CPU
		{742338F3-A393-4607-9C13-23E102D3F271}.Debug|Any CPU.ActiveCfg = Debug|Any CPU
		{742338F3-A393-4607-9C13-23E102D3F271}.Debug|Any CPU.Build.0 = Debug|Any CPU
		{742338F3-A393-4607-9C13-23E102D3F271}.Debug|x64.ActiveCfg = Debug|Any CPU
		{742338F3-A393-4607-9C13-23E102D3F271}.Debug|x64.Build.0 = Debug|Any CPU
		{742338F3-A393-4607-9C13-23E102D3F271}.Debug|x86.ActiveCfg = Debug|Any CPU
		{742338F3-A393-4607-9C13-23E102D3F271}.Debug|x86.Build.0 = Debug|Any CPU
		{742338F3-A393-4607-9C13-23E102D3F271}.Release|Any CPU.ActiveCfg = Release|Any CPU
		{742338F3-A393-4607-9C13-23E102D3F271}.Release|Any CPU.Build.0 = Release|Any CPU
		{742338F3-A393-4607-9C13-23E102D3F271}.Release|x64.ActiveCfg = Release|Any CPU
		{742338F3-A393-4607-9C13-23E102D3F271}.Release|x64.Build.0 = Release|Any CPU
		{742338F3-A393-4607-9C13-23E102D3F271}.Release|x86.ActiveCfg = Release|Any CPU
		{742338F3-A393-4607-9C13-23E102D3F271}.Release|x86.Build.0 = Release|Any CPU
		{9BA49096-9146-4E24-8B0C-7D43F4B31095}.Debug|Any CPU.ActiveCfg = Debug|Any CPU
		{9BA49096-9146-4E24-8B0C-7D43F4B31095}.Debug|Any CPU.Build.0 = Debug|Any CPU
		{9BA49096-9146-4E24-8B0C-7D43F4B31095}.Debug|x64.ActiveCfg = Debug|Any CPU
		{9BA49096-9146-4E24-8B0C-7D43F4B31095}.Debug|x64.Build.0 = Debug|Any CPU
		{9BA49096-9146-4E24-8B0C-7D43F4B31095}.Debug|x86.ActiveCfg = Debug|Any CPU
		{9BA49096-9146-4E24-8B0C-7D43F4B31095}.Debug|x86.Build.0 = Debug|Any CPU
		{9BA49096-9146-4E24-8B0C-7D43F4B31095}.Release|Any CPU.ActiveCfg = Release|Any CPU
		{9BA49096-9146-4E24-8B0C-7D43F4B31095}.Release|Any CPU.Build.0 = Release|Any CPU
		{9BA49096-9146-4E24-8B0C-7D43F4B31095}.Release|x64.ActiveCfg = Release|Any CPU
		{9BA49096-9146-4E24-8B0C-7D43F4B31095}.Release|x64.Build.0 = Release|Any CPU
		{9BA49096-9146-4E24-8B0C-7D43F4B31095}.Release|x86.ActiveCfg = Release|Any CPU
		{9BA49096-9146-4E24-8B0C-7D43F4B31095}.Release|x86.Build.0 = Release|Any CPU
		{53D7C18C-C7CE-4AF2-9A03-0D88659847E1}.Debug|Any CPU.ActiveCfg = Debug|Any CPU
		{53D7C18C-C7CE-4AF2-9A03-0D88659847E1}.Debug|Any CPU.Build.0 = Debug|Any CPU
		{53D7C18C-C7CE-4AF2-9A03-0D88659847E1}.Debug|x64.ActiveCfg = Debug|Any CPU
		{53D7C18C-C7CE-4AF2-9A03-0D88659847E1}.Debug|x64.Build.0 = Debug|Any CPU
		{53D7C18C-C7CE-4AF2-9A03-0D88659847E1}.Debug|x86.ActiveCfg = Debug|Any CPU
		{53D7C18C-C7CE-4AF2-9A03-0D88659847E1}.Debug|x86.Build.0 = Debug|Any CPU
		{53D7C18C-C7CE-4AF2-9A03-0D88659847E1}.Release|Any CPU.ActiveCfg = Release|Any CPU
		{53D7C18C-C7CE-4AF2-9A03-0D88659847E1}.Release|Any CPU.Build.0 = Release|Any CPU
		{53D7C18C-C7CE-4AF2-9A03-0D88659847E1}.Release|x64.ActiveCfg = Release|Any CPU
		{53D7C18C-C7CE-4AF2-9A03-0D88659847E1}.Release|x64.Build.0 = Release|Any CPU
		{53D7C18C-C7CE-4AF2-9A03-0D88659847E1}.Release|x86.ActiveCfg = Release|Any CPU
		{53D7C18C-C7CE-4AF2-9A03-0D88659847E1}.Release|x86.Build.0 = Release|Any CPU
	EndGlobalSection
	GlobalSection(SolutionProperties) = preSolution
		HideSolutionNode = FALSE
	EndGlobalSection
	GlobalSection(NestedProjects) = preSolution
		{324A565F-5A4C-4A67-B623-41FE92E1CB58} = {827E0CD3-B72D-47B6-A68D-7590B98EB39B}
		{E3DE0A53-A185-4589-8963-635BA636BBA7} = {827E0CD3-B72D-47B6-A68D-7590B98EB39B}
		{7EEF8FD2-7F52-406A-AA85-57CE5A9860F8} = {827E0CD3-B72D-47B6-A68D-7590B98EB39B}
		{1091AEC9-53FA-40DA-A3BD-43D2A2E56723} = {827E0CD3-B72D-47B6-A68D-7590B98EB39B}
		{6EF8C5EF-F506-48BE-977E-3D7374B1BE91} = {827E0CD3-B72D-47B6-A68D-7590B98EB39B}
		{DAEFF719-C26F-43E1-A179-A64E8D245DDA} = {827E0CD3-B72D-47B6-A68D-7590B98EB39B}
		{EA5C94A2-0264-4872-8DFA-6BC780BEE0D0} = {827E0CD3-B72D-47B6-A68D-7590B98EB39B}
		{51692166-1F6D-4BE7-8895-DBB95EB7C2F1} = {827E0CD3-B72D-47B6-A68D-7590B98EB39B}
		{A3BE7200-CD9B-4E81-B0EC-44B21E5C2B39} = {827E0CD3-B72D-47B6-A68D-7590B98EB39B}
		{E81AD95F-FEE0-4949-ADF2-C55A80C83E67} = {827E0CD3-B72D-47B6-A68D-7590B98EB39B}
		{A97AC72E-2609-4862-8E5E-F85F5CE45C7B} = {827E0CD3-B72D-47B6-A68D-7590B98EB39B}
		{742338F3-A393-4607-9C13-23E102D3F271} = {827E0CD3-B72D-47B6-A68D-7590B98EB39B}
		{9BA49096-9146-4E24-8B0C-7D43F4B31095} = {827E0CD3-B72D-47B6-A68D-7590B98EB39B}
		{53D7C18C-C7CE-4AF2-9A03-0D88659847E1} = {827E0CD3-B72D-47B6-A68D-7590B98EB39B}
	EndGlobalSection
EndGlobal
