
Microsoft Visual Studio Solution File, Format Version 12.00
# Visual Studio Version 17
VisualStudioVersion = 17.0.31903.59
MinimumVisualStudioVersion = 10.0.40219.1
Project("{2150E333-8FDC-42A3-9474-1A3956D46DE8}") = "src", "src", "{827E0CD3-B72D-47B6-A68D-7590B98EB39B}"
EndProject
Project("{2150E333-8FDC-42A3-9474-1A3956D46DE8}") = "Core", "Core", "{8D626EA8-CB54-BC41-363A-217881BEBA6E}"
EndProject
Project("{FAE04EC0-301F-11D3-BF4B-00C04F79EFBC}") = "MedWay.Domain", "src\Core\MedWay.Domain\MedWay.Domain.csproj", "{DFD7713D-42AA-4E17-A9EB-E62602CE853C}"
EndProject
Project("{FAE04EC0-301F-11D3-BF4B-00C04F79EFBC}") = "MedWay.Application", "src\Core\MedWay.Application\MedWay.Application.csproj", "{A18A5443-7429-4A40-BD84-D9A8C5842417}"
EndProject
Project("{FAE04EC0-301F-11D3-BF4B-00C04F79EFBC}") = "MedWay.Contracts", "src\Core\MedWay.Contracts\MedWay.Contracts.csproj", "{6FADF8E4-F171-45F4-86F6-D6E803CBB4A4}"
EndProject
Project("{2150E333-8FDC-42A3-9474-1A3956D46DE8}") = "Modules", "Modules", "{EC447DCF-ABFA-6E24-52A5-D7FD48A5C558}"
EndProject
Project("{2150E333-8FDC-42A3-9474-1A3956D46DE8}") = "PatientManagement", "PatientManagement", "{CC6D9771-BB36-20E2-0783-D17CA0F4F312}"
EndProject
Project("{FAE04EC0-301F-11D3-BF4B-00C04F79EFBC}") = "MedWay.PatientManagement", "src\Modules\PatientManagement\MedWay.PatientManagement\MedWay.PatientManagement.csproj", "{E3F62258-5503-41CA-89CB-7F4BEDE04F1C}"
EndProject
Project("{FAE04EC0-301F-11D3-BF4B-00C04F79EFBC}") = "MedWay.PatientManagement.Domain", "src\Modules\PatientManagement\MedWay.PatientManagement.Domain\MedWay.PatientManagement.Domain.csproj", "{0C175A95-872F-4156-8AB2-253B4B2C7161}"
EndProject
Project("{FAE04EC0-301F-11D3-BF4B-00C04F79EFBC}") = "MedWay.PatientManagement.Application", "src\Modules\PatientManagement\MedWay.PatientManagement.Application\MedWay.PatientManagement.Application.csproj", "{A4AD7F86-1A89-4A84-811F-68512069F6DD}"
EndProject
Project("{FAE04EC0-301F-11D3-BF4B-00C04F79EFBC}") = "MedWay.PatientManagement.Infrastructure", "src\Modules\PatientManagement\MedWay.PatientManagement.Infrastructure\MedWay.PatientManagement.Infrastructure.csproj", "{1D7651B4-A12F-4A38-ACAC-447792C70083}"
EndProject
Project("{2150E333-8FDC-42A3-9474-1A3956D46DE8}") = "ClinicalManagement", "ClinicalManagement", "{8B9223BE-58F9-A63E-2325-BA70BF78CF32}"
EndProject
Project("{FAE04EC0-301F-11D3-BF4B-00C04F79EFBC}") = "MedWay.ClinicalManagement", "src\Modules\ClinicalManagement\MedWay.ClinicalManagement\MedWay.ClinicalManagement.csproj", "{69EB60A6-DC4F-44E8-AB11-497DE8E32A48}"
EndProject
Project("{FAE04EC0-301F-11D3-BF4B-00C04F79EFBC}") = "MedWay.ClinicalManagement.Domain", "src\Modules\ClinicalManagement\MedWay.ClinicalManagement.Domain\MedWay.ClinicalManagement.Domain.csproj", "{0F1E024F-A574-4B0F-B5B6-41CB43F9BE06}"
EndProject
Project("{FAE04EC0-301F-11D3-BF4B-00C04F79EFBC}") = "MedWay.ClinicalManagement.Application", "src\Modules\ClinicalManagement\MedWay.ClinicalManagement.Application\MedWay.ClinicalManagement.Application.csproj", "{98A4A834-8574-417E-9571-B6EC5FE0237C}"
EndProject
Project("{FAE04EC0-301F-11D3-BF4B-00C04F79EFBC}") = "MedWay.ClinicalManagement.Infrastructure", "src\Modules\ClinicalManagement\MedWay.ClinicalManagement.Infrastructure\MedWay.ClinicalManagement.Infrastructure.csproj", "{177CB4A1-9C79-4C62-B042-01FB7ABFAC7A}"
EndProject
Project("{2150E333-8FDC-42A3-9474-1A3956D46DE8}") = "AppointmentManagement", "AppointmentManagement", "{B11D5D8D-6434-9C06-7FB0-52D3CFE1BFFB}"
EndProject
Project("{FAE04EC0-301F-11D3-BF4B-00C04F79EFBC}") = "MedWay.AppointmentManagement", "src\Modules\AppointmentManagement\MedWay.AppointmentManagement\MedWay.AppointmentManagement.csproj", "{B2725102-1022-4C35-A455-9C6BF85897EE}"
EndProject
Project("{FAE04EC0-301F-11D3-BF4B-00C04F79EFBC}") = "MedWay.AppointmentManagement.Domain", "src\Modules\AppointmentManagement\MedWay.AppointmentManagement.Domain\MedWay.AppointmentManagement.Domain.csproj", "{F20F332B-B2DB-4DEF-9C84-C699C6606ECE}"
EndProject
Project("{FAE04EC0-301F-11D3-BF4B-00C04F79EFBC}") = "MedWay.AppointmentManagement.Application", "src\Modules\AppointmentManagement\MedWay.AppointmentManagement.Application\MedWay.AppointmentManagement.Application.csproj", "{98E672A7-C0A8-4875-A92D-895E6A06925F}"
EndProject
Project("{FAE04EC0-301F-11D3-BF4B-00C04F79EFBC}") = "MedWay.AppointmentManagement.Infrastructure", "src\Modules\AppointmentManagement\MedWay.AppointmentManagement.Infrastructure\MedWay.AppointmentManagement.Infrastructure.csproj", "{14964110-3E60-4C39-9025-6C95283903BD}"
EndProject
Project("{2150E333-8FDC-42A3-9474-1A3956D46DE8}") = "EmergencyManagement", "EmergencyManagement", "{E532FD5B-0678-EC86-3423-9ED8DD7A5CA8}"
EndProject
Project("{FAE04EC0-301F-11D3-BF4B-00C04F79EFBC}") = "MedWay.EmergencyManagement", "src\Modules\EmergencyManagement\MedWay.EmergencyManagement\MedWay.EmergencyManagement.csproj", "{78BA37CE-A0D6-4BC2-8EC6-A8D99A30D9D5}"
EndProject
Project("{FAE04EC0-301F-11D3-BF4B-00C04F79EFBC}") = "MedWay.EmergencyManagement.Domain", "src\Modules\EmergencyManagement\MedWay.EmergencyManagement.Domain\MedWay.EmergencyManagement.Domain.csproj", "{9A187539-E937-4AA4-B0DC-E214B7138770}"
EndProject
Project("{FAE04EC0-301F-11D3-BF4B-00C04F79EFBC}") = "MedWay.EmergencyManagement.Application", "src\Modules\EmergencyManagement\MedWay.EmergencyManagement.Application\MedWay.EmergencyManagement.Application.csproj", "{D5C0F8BA-DDFB-4F93-9BA8-F83AFA517886}"
EndProject
Project("{FAE04EC0-301F-11D3-BF4B-00C04F79EFBC}") = "MedWay.EmergencyManagement.Infrastructure", "src\Modules\EmergencyManagement\MedWay.EmergencyManagement.Infrastructure\MedWay.EmergencyManagement.Infrastructure.csproj", "{2D4800D8-FBEA-4D59-BCBF-2D504D9F73D0}"
EndProject
Project("{2150E333-8FDC-42A3-9474-1A3956D46DE8}") = "PharmacyManagement", "PharmacyManagement", "{263ADB4A-CC96-DD62-5840-CA9F7A3DF391}"
EndProject
Project("{FAE04EC0-301F-11D3-BF4B-00C04F79EFBC}") = "MedWay.PharmacyManagement", "src\Modules\PharmacyManagement\MedWay.PharmacyManagement\MedWay.PharmacyManagement.csproj", "{3B9B7218-7B40-4B49-BB1A-414134FEA471}"
EndProject
Project("{FAE04EC0-301F-11D3-BF4B-00C04F79EFBC}") = "MedWay.PharmacyManagement.Domain", "src\Modules\PharmacyManagement\MedWay.PharmacyManagement.Domain\MedWay.PharmacyManagement.Domain.csproj", "{0522B87F-003D-4D7F-B360-7EEFCBE2485F}"
EndProject
Project("{FAE04EC0-301F-11D3-BF4B-00C04F79EFBC}") = "MedWay.PharmacyManagement.Application", "src\Modules\PharmacyManagement\MedWay.PharmacyManagement.Application\MedWay.PharmacyManagement.Application.csproj", "{41CBCFB4-8BB6-40A8-A8CE-0E031FEB4DD0}"
EndProject
Project("{FAE04EC0-301F-11D3-BF4B-00C04F79EFBC}") = "MedWay.PharmacyManagement.Infrastructure", "src\Modules\PharmacyManagement\MedWay.PharmacyManagement.Infrastructure\MedWay.PharmacyManagement.Infrastructure.csproj", "{70AEAAB5-C7F0-4170-900F-1DDBA53D1988}"
EndProject
Project("{2150E333-8FDC-42A3-9474-1A3956D46DE8}") = "LaboratoryManagement", "LaboratoryManagement", "{C917859E-28F1-638A-E280-A1CBD33F3DDB}"
EndProject
Project("{FAE04EC0-301F-11D3-BF4B-00C04F79EFBC}") = "MedWay.LaboratoryManagement", "src\Modules\LaboratoryManagement\MedWay.LaboratoryManagement\MedWay.LaboratoryManagement.csproj", "{0FA8A9A2-12EF-440B-9495-112786363E20}"
EndProject
Project("{FAE04EC0-301F-11D3-BF4B-00C04F79EFBC}") = "MedWay.LaboratoryManagement.Domain", "src\Modules\LaboratoryManagement\MedWay.LaboratoryManagement.Domain\MedWay.LaboratoryManagement.Domain.csproj", "{20E5C770-8279-4780-8367-FF8E6EE8B30B}"
EndProject
Project("{FAE04EC0-301F-11D3-BF4B-00C04F79EFBC}") = "MedWay.LaboratoryManagement.Application", "src\Modules\LaboratoryManagement\MedWay.LaboratoryManagement.Application\MedWay.LaboratoryManagement.Application.csproj", "{EA4C5ABA-4956-4418-BD17-B3DEF6E89EEB}"
EndProject
Project("{FAE04EC0-301F-11D3-BF4B-00C04F79EFBC}") = "MedWay.LaboratoryManagement.Infrastructure", "src\Modules\LaboratoryManagement\MedWay.LaboratoryManagement.Infrastructure\MedWay.LaboratoryManagement.Infrastructure.csproj", "{18EB5256-C6B6-43DF-9F2F-C450FF146C7B}"
EndProject
Project("{2150E333-8FDC-42A3-9474-1A3956D46DE8}") = "RadiologyManagement", "RadiologyManagement", "{54BD9CB4-40A7-CB7C-1885-ABEB42191EAB}"
EndProject
Project("{FAE04EC0-301F-11D3-BF4B-00C04F79EFBC}") = "MedWay.RadiologyManagement", "src\Modules\RadiologyManagement\MedWay.RadiologyManagement\MedWay.RadiologyManagement.csproj", "{63CEB833-CA4E-4E17-9E5C-85EFF2406D83}"
EndProject
Project("{FAE04EC0-301F-11D3-BF4B-00C04F79EFBC}") = "MedWay.RadiologyManagement.Domain", "src\Modules\RadiologyManagement\MedWay.RadiologyManagement.Domain\MedWay.RadiologyManagement.Domain.csproj", "{858FB7DB-BDAE-4D78-B665-366DDA5B90EB}"
EndProject
Project("{FAE04EC0-301F-11D3-BF4B-00C04F79EFBC}") = "MedWay.RadiologyManagement.Application", "src\Modules\RadiologyManagement\MedWay.RadiologyManagement.Application\MedWay.RadiologyManagement.Application.csproj", "{AFE508C6-E580-485C-B943-9B0D5C8B087A}"
EndProject
Project("{FAE04EC0-301F-11D3-BF4B-00C04F79EFBC}") = "MedWay.RadiologyManagement.Infrastructure", "src\Modules\RadiologyManagement\MedWay.RadiologyManagement.Infrastructure\MedWay.RadiologyManagement.Infrastructure.csproj", "{E03504CF-D332-43E4-9828-2426C7DF5E2F}"
EndProject
Project("{2150E333-8FDC-42A3-9474-1A3956D46DE8}") = "BillingManagement", "BillingManagement", "{F7A20EF6-EF47-9E19-0BA5-259CE1C78FE2}"
EndProject
Project("{FAE04EC0-301F-11D3-BF4B-00C04F79EFBC}") = "MedWay.BillingManagement", "src\Modules\BillingManagement\MedWay.BillingManagement\MedWay.BillingManagement.csproj", "{BD23BF0F-6E4D-4198-B55C-251040801942}"
EndProject
Project("{FAE04EC0-301F-11D3-BF4B-00C04F79EFBC}") = "MedWay.BillingManagement.Domain", "src\Modules\BillingManagement\MedWay.BillingManagement.Domain\MedWay.BillingManagement.Domain.csproj", "{7456BB4B-0EBD-495D-9F57-3D1983D87325}"
EndProject
Project("{FAE04EC0-301F-11D3-BF4B-00C04F79EFBC}") = "MedWay.BillingManagement.Application", "src\Modules\BillingManagement\MedWay.BillingManagement.Application\MedWay.BillingManagement.Application.csproj", "{20B148EE-D5DA-4425-AC32-82771E02AA28}"
EndProject
Project("{FAE04EC0-301F-11D3-BF4B-00C04F79EFBC}") = "MedWay.BillingManagement.Infrastructure", "src\Modules\BillingManagement\MedWay.BillingManagement.Infrastructure\MedWay.BillingManagement.Infrastructure.csproj", "{C486137E-8A2B-4FD0-833B-8137672796D1}"
EndProject
Project("{2150E333-8FDC-42A3-9474-1A3956D46DE8}") = "InventoryManagement", "InventoryManagement", "{1542B69A-D4C3-559C-B51B-CCF007D3D113}"
EndProject
Project("{FAE04EC0-301F-11D3-BF4B-00C04F79EFBC}") = "MedWay.InventoryManagement", "src\Modules\InventoryManagement\MedWay.InventoryManagement\MedWay.InventoryManagement.csproj", "{3A7FB2FA-0CD8-4DAA-8194-90654E79F092}"
EndProject
Project("{FAE04EC0-301F-11D3-BF4B-00C04F79EFBC}") = "MedWay.InventoryManagement.Domain", "src\Modules\InventoryManagement\MedWay.InventoryManagement.Domain\MedWay.InventoryManagement.Domain.csproj", "{A7D0B18D-CFDD-4A8F-9ADE-7170DD2BD609}"
EndProject
Project("{FAE04EC0-301F-11D3-BF4B-00C04F79EFBC}") = "MedWay.InventoryManagement.Application", "src\Modules\InventoryManagement\MedWay.InventoryManagement.Application\MedWay.InventoryManagement.Application.csproj", "{30AAF327-487C-4456-8BBC-99C1B79594F0}"
EndProject
Project("{FAE04EC0-301F-11D3-BF4B-00C04F79EFBC}") = "MedWay.InventoryManagement.Infrastructure", "src\Modules\InventoryManagement\MedWay.InventoryManagement.Infrastructure\MedWay.InventoryManagement.Infrastructure.csproj", "{F31DC937-B0D1-4E32-A810-B1EF035E284D}"
EndProject
Project("{2150E333-8FDC-42A3-9474-1A3956D46DE8}") = "HumanResources", "HumanResources", "{6CA321D5-7E75-9494-3BB3-ACFBF10F7A7A}"
EndProject
Project("{FAE04EC0-301F-11D3-BF4B-00C04F79EFBC}") = "MedWay.HumanResources", "src\Modules\HumanResources\MedWay.HumanResources\MedWay.HumanResources.csproj", "{12DAEF70-1BED-4EC9-B40A-EDA8D03FC553}"
EndProject
Project("{FAE04EC0-301F-11D3-BF4B-00C04F79EFBC}") = "MedWay.HumanResources.Domain", "src\Modules\HumanResources\MedWay.HumanResources.Domain\MedWay.HumanResources.Domain.csproj", "{4EB04121-F9E6-4B05-B019-C4F7F6A3AA44}"
EndProject
Project("{FAE04EC0-301F-11D3-BF4B-00C04F79EFBC}") = "MedWay.HumanResources.Application", "src\Modules\HumanResources\MedWay.HumanResources.Application\MedWay.HumanResources.Application.csproj", "{6E1C1531-7AB0-4A17-84F9-7F277BEF6DD4}"
EndProject
Project("{FAE04EC0-301F-11D3-BF4B-00C04F79EFBC}") = "MedWay.HumanResources.Infrastructure", "src\Modules\HumanResources\MedWay.HumanResources.Infrastructure\MedWay.HumanResources.Infrastructure.csproj", "{67BD9697-F4E1-4DCF-81F1-D0E6D2F54F55}"
EndProject
Project("{2150E333-8FDC-42A3-9474-1A3956D46DE8}") = "OperatingRoomManagement", "OperatingRoomManagement", "{7C61A67A-6DDC-D87B-2AB0-AC74A1A5C79C}"
EndProject
Project("{FAE04EC0-301F-11D3-BF4B-00C04F79EFBC}") = "MedWay.OperatingRoomManagement", "src\Modules\OperatingRoomManagement\MedWay.OperatingRoomManagement\MedWay.OperatingRoomManagement.csproj", "{49BEE306-8595-4B71-98FC-A801094F4CCE}"
EndProject
Project("{FAE04EC0-301F-11D3-BF4B-00C04F79EFBC}") = "MedWay.OperatingRoomManagement.Domain", "src\Modules\OperatingRoomManagement\MedWay.OperatingRoomManagement.Domain\MedWay.OperatingRoomManagement.Domain.csproj", "{6FFAE64F-BDDB-417D-91A9-856E1ABA5DA3}"
EndProject
Project("{FAE04EC0-301F-11D3-BF4B-00C04F79EFBC}") = "MedWay.OperatingRoomManagement.Application", "src\Modules\OperatingRoomManagement\MedWay.OperatingRoomManagement.Application\MedWay.OperatingRoomManagement.Application.csproj", "{D93EA9CF-92E3-46DF-8E79-053B1563A473}"
EndProject
Project("{FAE04EC0-301F-11D3-BF4B-00C04F79EFBC}") = "MedWay.OperatingRoomManagement.Infrastructure", "src\Modules\OperatingRoomManagement\MedWay.OperatingRoomManagement.Infrastructure\MedWay.OperatingRoomManagement.Infrastructure.csproj", "{D46D415F-8329-4752-9D3A-A29B6E9ECE3A}"
EndProject
Project("{2150E333-8FDC-42A3-9474-1A3956D46DE8}") = "ReportingAnalytics", "ReportingAnalytics", "{46A8A508-2592-3604-644D-A976000BDCE4}"
EndProject
Project("{FAE04EC0-301F-11D3-BF4B-00C04F79EFBC}") = "MedWay.ReportingAnalytics", "src\Modules\ReportingAnalytics\MedWay.ReportingAnalytics\MedWay.ReportingAnalytics.csproj", "{F40B2851-68B3-467A-AB23-1CF90E0293EA}"
EndProject
Project("{FAE04EC0-301F-11D3-BF4B-00C04F79EFBC}") = "MedWay.ReportingAnalytics.Domain", "src\Modules\ReportingAnalytics\MedWay.ReportingAnalytics.Domain\MedWay.ReportingAnalytics.Domain.csproj", "{320F10BB-8BE8-47C7-BCF0-D3741AD40FD0}"
EndProject
Project("{FAE04EC0-301F-11D3-BF4B-00C04F79EFBC}") = "MedWay.ReportingAnalytics.Application", "src\Modules\ReportingAnalytics\MedWay.ReportingAnalytics.Application\MedWay.ReportingAnalytics.Application.csproj", "{5A3D80AE-7529-4690-9ABE-812AFEE393FC}"
EndProject
Project("{FAE04EC0-301F-11D3-BF4B-00C04F79EFBC}") = "MedWay.ReportingAnalytics.Infrastructure", "src\Modules\ReportingAnalytics\MedWay.ReportingAnalytics.Infrastructure\MedWay.ReportingAnalytics.Infrastructure.csproj", "{B36EE4A3-6019-4A13-9A01-FC34466E2BAA}"
EndProject
Project("{2150E333-8FDC-42A3-9474-1A3956D46DE8}") = "Infrastructure", "Infrastructure", "{9048EB7F-3875-A59E-E36B-5BD4C6F2A282}"
EndProject
Project("{FAE04EC0-301F-11D3-BF4B-00C04F79EFBC}") = "MedWay.Infrastructure", "src\Infrastructure\MedWay.Infrastructure\MedWay.Infrastructure.csproj", "{99B5DDAE-F256-42D3-BE4E-3DEF883B3063}"
EndProject
Project("{FAE04EC0-301F-11D3-BF4B-00C04F79EFBC}") = "MedWay.Infrastructure.AI", "src\Infrastructure\MedWay.Infrastructure.AI\MedWay.Infrastructure.AI.csproj", "{772A51A5-D6E6-4D17-B775-E73410FA8C85}"
EndProject
Project("{FAE04EC0-301F-11D3-BF4B-00C04F79EFBC}") = "MedWay.Infrastructure.Integration", "src\Infrastructure\MedWay.Infrastructure.Integration\MedWay.Infrastructure.Integration.csproj", "{FFC5674D-BEEE-497B-BC0F-8E3733508B2A}"
EndProject
Project("{2150E333-8FDC-42A3-9474-1A3956D46DE8}") = "Presentation", "Presentation", "{6996BBF7-DB31-59BC-C7DD-9A7CCC6138C4}"
EndProject
Project("{FAE04EC0-301F-11D3-BF4B-00C04F79EFBC}") = "MedWay.WebAPI", "src\Presentation\MedWay.WebAPI\MedWay.WebAPI.csproj", "{ED9BFDE0-F766-495E-B6FF-F5A1C53FB30E}"
EndProject
Project("{2150E333-8FDC-42A3-9474-1A3956D46DE8}") = "Shared", "Shared", "{C8E42992-5E42-0C2B-DBFE-AA848D06431C}"
EndProject
Project("{FAE04EC0-301F-11D3-BF4B-00C04F79EFBC}") = "MedWay.Shared", "src\Shared\MedWay.Shared\MedWay.Shared.csproj", "{1C4D578E-E2C8-41B8-96D5-7DA5977FDF17}"
EndProject
Project("{FAE04EC0-301F-11D3-BF4B-00C04F79EFBC}") = "MedWay.Shared.Tests", "src\Shared\MedWay.Shared.Tests\MedWay.Shared.Tests.csproj", "{7FECBE0C-CCCF-41E6-8159-0145AFB36594}"
EndProject
Project("{2150E333-8FDC-42A3-9474-1A3956D46DE8}") = "tests", "tests", "{0AB3BF05-4346-4AA6-1389-037BE0695223}"
EndProject
Project("{FAE04EC0-301F-11D3-BF4B-00C04F79EFBC}") = "MedWay.UnitTests", "tests\MedWay.UnitTests\MedWay.UnitTests.csproj", "{E44A1204-F615-42CB-877B-3C82CC6EF743}"
EndProject
Project("{FAE04EC0-301F-11D3-BF4B-00C04F79EFBC}") = "MedWay.IntegrationTests", "tests\MedWay.IntegrationTests\MedWay.IntegrationTests.csproj", "{42CB9A08-A2B9-4945-A005-4DA559061101}"
EndProject
Project("{FAE04EC0-301F-11D3-BF4B-00C04F79EFBC}") = "MedWay.EndToEndTests", "tests\MedWay.EndToEndTests\MedWay.EndToEndTests.csproj", "{405539D2-81DD-4E69-B092-6E84E90C5C7B}"
EndProject
Project("{FAE04EC0-301F-11D3-BF4B-00C04F79EFBC}") = "MedWay.BlazorApp", "src\Presentation\MedWay.BlazorApp\MedWay.BlazorApp.csproj", "{BA23AC76-E74F-4896-8A7B-F9C7C657CC32}"
EndProject
Global
	GlobalSection(SolutionConfigurationPlatforms) = preSolution
		Debug|Any CPU = Debug|Any CPU
		Debug|x64 = Debug|x64
		Debug|x86 = Debug|x86
		Release|Any CPU = Release|Any CPU
		Release|x64 = Release|x64
		Release|x86 = Release|x86
	EndGlobalSection
	GlobalSection(ProjectConfigurationPlatforms) = postSolution
		{DFD7713D-42AA-4E17-A9EB-E62602CE853C}.Debug|Any CPU.ActiveCfg = Debug|Any CPU
		{DFD7713D-42AA-4E17-A9EB-E62602CE853C}.Debug|Any CPU.Build.0 = Debug|Any CPU
		{DFD7713D-42AA-4E17-A9EB-E62602CE853C}.Debug|x64.ActiveCfg = Debug|Any CPU
		{DFD7713D-42AA-4E17-A9EB-E62602CE853C}.Debug|x64.Build.0 = Debug|Any CPU
		{DFD7713D-42AA-4E17-A9EB-E62602CE853C}.Debug|x86.ActiveCfg = Debug|Any CPU
		{DFD7713D-42AA-4E17-A9EB-E62602CE853C}.Debug|x86.Build.0 = Debug|Any CPU
		{DFD7713D-42AA-4E17-A9EB-E62602CE853C}.Release|Any CPU.ActiveCfg = Release|Any CPU
		{DFD7713D-42AA-4E17-A9EB-E62602CE853C}.Release|Any CPU.Build.0 = Release|Any CPU
		{DFD7713D-42AA-4E17-A9EB-E62602CE853C}.Release|x64.ActiveCfg = Release|Any CPU
		{DFD7713D-42AA-4E17-A9EB-E62602CE853C}.Release|x64.Build.0 = Release|Any CPU
		{DFD7713D-42AA-4E17-A9EB-E62602CE853C}.Release|x86.ActiveCfg = Release|Any CPU
		{DFD7713D-42AA-4E17-A9EB-E62602CE853C}.Release|x86.Build.0 = Release|Any CPU
		{A18A5443-7429-4A40-BD84-D9A8C5842417}.Debug|Any CPU.ActiveCfg = Debug|Any CPU
		{A18A5443-7429-4A40-BD84-D9A8C5842417}.Debug|Any CPU.Build.0 = Debug|Any CPU
		{A18A5443-7429-4A40-BD84-D9A8C5842417}.Debug|x64.ActiveCfg = Debug|Any CPU
		{A18A5443-7429-4A40-BD84-D9A8C5842417}.Debug|x64.Build.0 = Debug|Any CPU
		{A18A5443-7429-4A40-BD84-D9A8C5842417}.Debug|x86.ActiveCfg = Debug|Any CPU
		{A18A5443-7429-4A40-BD84-D9A8C5842417}.Debug|x86.Build.0 = Debug|Any CPU
		{A18A5443-7429-4A40-BD84-D9A8C5842417}.Release|Any CPU.ActiveCfg = Release|Any CPU
		{A18A5443-7429-4A40-BD84-D9A8C5842417}.Release|Any CPU.Build.0 = Release|Any CPU
		{A18A5443-7429-4A40-BD84-D9A8C5842417}.Release|x64.ActiveCfg = Release|Any CPU
		{A18A5443-7429-4A40-BD84-D9A8C5842417}.Release|x64.Build.0 = Release|Any CPU
		{A18A5443-7429-4A40-BD84-D9A8C5842417}.Release|x86.ActiveCfg = Release|Any CPU
		{A18A5443-7429-4A40-BD84-D9A8C5842417}.Release|x86.Build.0 = Release|Any CPU
		{6FADF8E4-F171-45F4-86F6-D6E803CBB4A4}.Debug|Any CPU.ActiveCfg = Debug|Any CPU
		{6FADF8E4-F171-45F4-86F6-D6E803CBB4A4}.Debug|Any CPU.Build.0 = Debug|Any CPU
		{6FADF8E4-F171-45F4-86F6-D6E803CBB4A4}.Debug|x64.ActiveCfg = Debug|Any CPU
		{6FADF8E4-F171-45F4-86F6-D6E803CBB4A4}.Debug|x64.Build.0 = Debug|Any CPU
		{6FADF8E4-F171-45F4-86F6-D6E803CBB4A4}.Debug|x86.ActiveCfg = Debug|Any CPU
		{6FADF8E4-F171-45F4-86F6-D6E803CBB4A4}.Debug|x86.Build.0 = Debug|Any CPU
		{6FADF8E4-F171-45F4-86F6-D6E803CBB4A4}.Release|Any CPU.ActiveCfg = Release|Any CPU
		{6FADF8E4-F171-45F4-86F6-D6E803CBB4A4}.Release|Any CPU.Build.0 = Release|Any CPU
		{6FADF8E4-F171-45F4-86F6-D6E803CBB4A4}.Release|x64.ActiveCfg = Release|Any CPU
		{6FADF8E4-F171-45F4-86F6-D6E803CBB4A4}.Release|x64.Build.0 = Release|Any CPU
		{6FADF8E4-F171-45F4-86F6-D6E803CBB4A4}.Release|x86.ActiveCfg = Release|Any CPU
		{6FADF8E4-F171-45F4-86F6-D6E803CBB4A4}.Release|x86.Build.0 = Release|Any CPU
		{E3F62258-5503-41CA-89CB-7F4BEDE04F1C}.Debug|Any CPU.ActiveCfg = Debug|Any CPU
		{E3F62258-5503-41CA-89CB-7F4BEDE04F1C}.Debug|Any CPU.Build.0 = Debug|Any CPU
		{E3F62258-5503-41CA-89CB-7F4BEDE04F1C}.Debug|x64.ActiveCfg = Debug|Any CPU
		{E3F62258-5503-41CA-89CB-7F4BEDE04F1C}.Debug|x64.Build.0 = Debug|Any CPU
		{E3F62258-5503-41CA-89CB-7F4BEDE04F1C}.Debug|x86.ActiveCfg = Debug|Any CPU
		{E3F62258-5503-41CA-89CB-7F4BEDE04F1C}.Debug|x86.Build.0 = Debug|Any CPU
		{E3F62258-5503-41CA-89CB-7F4BEDE04F1C}.Release|Any CPU.ActiveCfg = Release|Any CPU
		{E3F62258-5503-41CA-89CB-7F4BEDE04F1C}.Release|Any CPU.Build.0 = Release|Any CPU
		{E3F62258-5503-41CA-89CB-7F4BEDE04F1C}.Release|x64.ActiveCfg = Release|Any CPU
		{E3F62258-5503-41CA-89CB-7F4BEDE04F1C}.Release|x64.Build.0 = Release|Any CPU
		{E3F62258-5503-41CA-89CB-7F4BEDE04F1C}.Release|x86.ActiveCfg = Release|Any CPU
		{E3F62258-5503-41CA-89CB-7F4BEDE04F1C}.Release|x86.Build.0 = Release|Any CPU
		{0C175A95-872F-4156-8AB2-253B4B2C7161}.Debug|Any CPU.ActiveCfg = Debug|Any CPU
		{0C175A95-872F-4156-8AB2-253B4B2C7161}.Debug|Any CPU.Build.0 = Debug|Any CPU
		{0C175A95-872F-4156-8AB2-253B4B2C7161}.Debug|x64.ActiveCfg = Debug|Any CPU
		{0C175A95-872F-4156-8AB2-253B4B2C7161}.Debug|x64.Build.0 = Debug|Any CPU
		{0C175A95-872F-4156-8AB2-253B4B2C7161}.Debug|x86.ActiveCfg = Debug|Any CPU
		{0C175A95-872F-4156-8AB2-253B4B2C7161}.Debug|x86.Build.0 = Debug|Any CPU
		{0C175A95-872F-4156-8AB2-253B4B2C7161}.Release|Any CPU.ActiveCfg = Release|Any CPU
		{0C175A95-872F-4156-8AB2-253B4B2C7161}.Release|Any CPU.Build.0 = Release|Any CPU
		{0C175A95-872F-4156-8AB2-253B4B2C7161}.Release|x64.ActiveCfg = Release|Any CPU
		{0C175A95-872F-4156-8AB2-253B4B2C7161}.Release|x64.Build.0 = Release|Any CPU
		{0C175A95-872F-4156-8AB2-253B4B2C7161}.Release|x86.ActiveCfg = Release|Any CPU
		{0C175A95-872F-4156-8AB2-253B4B2C7161}.Release|x86.Build.0 = Release|Any CPU
		{A4AD7F86-1A89-4A84-811F-68512069F6DD}.Debug|Any CPU.ActiveCfg = Debug|Any CPU
		{A4AD7F86-1A89-4A84-811F-68512069F6DD}.Debug|Any CPU.Build.0 = Debug|Any CPU
		{A4AD7F86-1A89-4A84-811F-68512069F6DD}.Debug|x64.ActiveCfg = Debug|Any CPU
		{A4AD7F86-1A89-4A84-811F-68512069F6DD}.Debug|x64.Build.0 = Debug|Any CPU
		{A4AD7F86-1A89-4A84-811F-68512069F6DD}.Debug|x86.ActiveCfg = Debug|Any CPU
		{A4AD7F86-1A89-4A84-811F-68512069F6DD}.Debug|x86.Build.0 = Debug|Any CPU
		{A4AD7F86-1A89-4A84-811F-68512069F6DD}.Release|Any CPU.ActiveCfg = Release|Any CPU
		{A4AD7F86-1A89-4A84-811F-68512069F6DD}.Release|Any CPU.Build.0 = Release|Any CPU
		{A4AD7F86-1A89-4A84-811F-68512069F6DD}.Release|x64.ActiveCfg = Release|Any CPU
		{A4AD7F86-1A89-4A84-811F-68512069F6DD}.Release|x64.Build.0 = Release|Any CPU
		{A4AD7F86-1A89-4A84-811F-68512069F6DD}.Release|x86.ActiveCfg = Release|Any CPU
		{A4AD7F86-1A89-4A84-811F-68512069F6DD}.Release|x86.Build.0 = Release|Any CPU
		{1D7651B4-A12F-4A38-ACAC-447792C70083}.Debug|Any CPU.ActiveCfg = Debug|Any CPU
		{1D7651B4-A12F-4A38-ACAC-447792C70083}.Debug|Any CPU.Build.0 = Debug|Any CPU
		{1D7651B4-A12F-4A38-ACAC-447792C70083}.Debug|x64.ActiveCfg = Debug|Any CPU
		{1D7651B4-A12F-4A38-ACAC-447792C70083}.Debug|x64.Build.0 = Debug|Any CPU
		{1D7651B4-A12F-4A38-ACAC-447792C70083}.Debug|x86.ActiveCfg = Debug|Any CPU
		{1D7651B4-A12F-4A38-ACAC-447792C70083}.Debug|x86.Build.0 = Debug|Any CPU
		{1D7651B4-A12F-4A38-ACAC-447792C70083}.Release|Any CPU.ActiveCfg = Release|Any CPU
		{1D7651B4-A12F-4A38-ACAC-447792C70083}.Release|Any CPU.Build.0 = Release|Any CPU
		{1D7651B4-A12F-4A38-ACAC-447792C70083}.Release|x64.ActiveCfg = Release|Any CPU
		{1D7651B4-A12F-4A38-ACAC-447792C70083}.Release|x64.Build.0 = Release|Any CPU
		{1D7651B4-A12F-4A38-ACAC-447792C70083}.Release|x86.ActiveCfg = Release|Any CPU
		{1D7651B4-A12F-4A38-ACAC-447792C70083}.Release|x86.Build.0 = Release|Any CPU
		{69EB60A6-DC4F-44E8-AB11-497DE8E32A48}.Debug|Any CPU.ActiveCfg = Debug|Any CPU
		{69EB60A6-DC4F-44E8-AB11-497DE8E32A48}.Debug|Any CPU.Build.0 = Debug|Any CPU
		{69EB60A6-DC4F-44E8-AB11-497DE8E32A48}.Debug|x64.ActiveCfg = Debug|Any CPU
		{69EB60A6-DC4F-44E8-AB11-497DE8E32A48}.Debug|x64.Build.0 = Debug|Any CPU
		{69EB60A6-DC4F-44E8-AB11-497DE8E32A48}.Debug|x86.ActiveCfg = Debug|Any CPU
		{69EB60A6-DC4F-44E8-AB11-497DE8E32A48}.Debug|x86.Build.0 = Debug|Any CPU
		{69EB60A6-DC4F-44E8-AB11-497DE8E32A48}.Release|Any CPU.ActiveCfg = Release|Any CPU
		{69EB60A6-DC4F-44E8-AB11-497DE8E32A48}.Release|Any CPU.Build.0 = Release|Any CPU
		{69EB60A6-DC4F-44E8-AB11-497DE8E32A48}.Release|x64.ActiveCfg = Release|Any CPU
		{69EB60A6-DC4F-44E8-AB11-497DE8E32A48}.Release|x64.Build.0 = Release|Any CPU
		{69EB60A6-DC4F-44E8-AB11-497DE8E32A48}.Release|x86.ActiveCfg = Release|Any CPU
		{69EB60A6-DC4F-44E8-AB11-497DE8E32A48}.Release|x86.Build.0 = Release|Any CPU
		{0F1E024F-A574-4B0F-B5B6-41CB43F9BE06}.Debug|Any CPU.ActiveCfg = Debug|Any CPU
		{0F1E024F-A574-4B0F-B5B6-41CB43F9BE06}.Debug|Any CPU.Build.0 = Debug|Any CPU
		{0F1E024F-A574-4B0F-B5B6-41CB43F9BE06}.Debug|x64.ActiveCfg = Debug|Any CPU
		{0F1E024F-A574-4B0F-B5B6-41CB43F9BE06}.Debug|x64.Build.0 = Debug|Any CPU
		{0F1E024F-A574-4B0F-B5B6-41CB43F9BE06}.Debug|x86.ActiveCfg = Debug|Any CPU
		{0F1E024F-A574-4B0F-B5B6-41CB43F9BE06}.Debug|x86.Build.0 = Debug|Any CPU
		{0F1E024F-A574-4B0F-B5B6-41CB43F9BE06}.Release|Any CPU.ActiveCfg = Release|Any CPU
		{0F1E024F-A574-4B0F-B5B6-41CB43F9BE06}.Release|Any CPU.Build.0 = Release|Any CPU
		{0F1E024F-A574-4B0F-B5B6-41CB43F9BE06}.Release|x64.ActiveCfg = Release|Any CPU
		{0F1E024F-A574-4B0F-B5B6-41CB43F9BE06}.Release|x64.Build.0 = Release|Any CPU
		{0F1E024F-A574-4B0F-B5B6-41CB43F9BE06}.Release|x86.ActiveCfg = Release|Any CPU
		{0F1E024F-A574-4B0F-B5B6-41CB43F9BE06}.Release|x86.Build.0 = Release|Any CPU
		{98A4A834-8574-417E-9571-B6EC5FE0237C}.Debug|Any CPU.ActiveCfg = Debug|Any CPU
		{98A4A834-8574-417E-9571-B6EC5FE0237C}.Debug|Any CPU.Build.0 = Debug|Any CPU
		{98A4A834-8574-417E-9571-B6EC5FE0237C}.Debug|x64.ActiveCfg = Debug|Any CPU
		{98A4A834-8574-417E-9571-B6EC5FE0237C}.Debug|x64.Build.0 = Debug|Any CPU
		{98A4A834-8574-417E-9571-B6EC5FE0237C}.Debug|x86.ActiveCfg = Debug|Any CPU
		{98A4A834-8574-417E-9571-B6EC5FE0237C}.Debug|x86.Build.0 = Debug|Any CPU
		{98A4A834-8574-417E-9571-B6EC5FE0237C}.Release|Any CPU.ActiveCfg = Release|Any CPU
		{98A4A834-8574-417E-9571-B6EC5FE0237C}.Release|Any CPU.Build.0 = Release|Any CPU
		{98A4A834-8574-417E-9571-B6EC5FE0237C}.Release|x64.ActiveCfg = Release|Any CPU
		{98A4A834-8574-417E-9571-B6EC5FE0237C}.Release|x64.Build.0 = Release|Any CPU
		{98A4A834-8574-417E-9571-B6EC5FE0237C}.Release|x86.ActiveCfg = Release|Any CPU
		{98A4A834-8574-417E-9571-B6EC5FE0237C}.Release|x86.Build.0 = Release|Any CPU
		{177CB4A1-9C79-4C62-B042-01FB7ABFAC7A}.Debug|Any CPU.ActiveCfg = Debug|Any CPU
		{177CB4A1-9C79-4C62-B042-01FB7ABFAC7A}.Debug|Any CPU.Build.0 = Debug|Any CPU
		{177CB4A1-9C79-4C62-B042-01FB7ABFAC7A}.Debug|x64.ActiveCfg = Debug|Any CPU
		{177CB4A1-9C79-4C62-B042-01FB7ABFAC7A}.Debug|x64.Build.0 = Debug|Any CPU
		{177CB4A1-9C79-4C62-B042-01FB7ABFAC7A}.Debug|x86.ActiveCfg = Debug|Any CPU
		{177CB4A1-9C79-4C62-B042-01FB7ABFAC7A}.Debug|x86.Build.0 = Debug|Any CPU
		{177CB4A1-9C79-4C62-B042-01FB7ABFAC7A}.Release|Any CPU.ActiveCfg = Release|Any CPU
		{177CB4A1-9C79-4C62-B042-01FB7ABFAC7A}.Release|Any CPU.Build.0 = Release|Any CPU
		{177CB4A1-9C79-4C62-B042-01FB7ABFAC7A}.Release|x64.ActiveCfg = Release|Any CPU
		{177CB4A1-9C79-4C62-B042-01FB7ABFAC7A}.Release|x64.Build.0 = Release|Any CPU
		{177CB4A1-9C79-4C62-B042-01FB7ABFAC7A}.Release|x86.ActiveCfg = Release|Any CPU
		{177CB4A1-9C79-4C62-B042-01FB7ABFAC7A}.Release|x86.Build.0 = Release|Any CPU
		{B2725102-1022-4C35-A455-9C6BF85897EE}.Debug|Any CPU.ActiveCfg = Debug|Any CPU
		{B2725102-1022-4C35-A455-9C6BF85897EE}.Debug|Any CPU.Build.0 = Debug|Any CPU
		{B2725102-1022-4C35-A455-9C6BF85897EE}.Debug|x64.ActiveCfg = Debug|Any CPU
		{B2725102-1022-4C35-A455-9C6BF85897EE}.Debug|x64.Build.0 = Debug|Any CPU
		{B2725102-1022-4C35-A455-9C6BF85897EE}.Debug|x86.ActiveCfg = Debug|Any CPU
		{B2725102-1022-4C35-A455-9C6BF85897EE}.Debug|x86.Build.0 = Debug|Any CPU
		{B2725102-1022-4C35-A455-9C6BF85897EE}.Release|Any CPU.ActiveCfg = Release|Any CPU
		{B2725102-1022-4C35-A455-9C6BF85897EE}.Release|Any CPU.Build.0 = Release|Any CPU
		{B2725102-1022-4C35-A455-9C6BF85897EE}.Release|x64.ActiveCfg = Release|Any CPU
		{B2725102-1022-4C35-A455-9C6BF85897EE}.Release|x64.Build.0 = Release|Any CPU
		{B2725102-1022-4C35-A455-9C6BF85897EE}.Release|x86.ActiveCfg = Release|Any CPU
		{B2725102-1022-4C35-A455-9C6BF85897EE}.Release|x86.Build.0 = Release|Any CPU
		{F20F332B-B2DB-4DEF-9C84-C699C6606ECE}.Debug|Any CPU.ActiveCfg = Debug|Any CPU
		{F20F332B-B2DB-4DEF-9C84-C699C6606ECE}.Debug|Any CPU.Build.0 = Debug|Any CPU
		{F20F332B-B2DB-4DEF-9C84-C699C6606ECE}.Debug|x64.ActiveCfg = Debug|Any CPU
		{F20F332B-B2DB-4DEF-9C84-C699C6606ECE}.Debug|x64.Build.0 = Debug|Any CPU
		{F20F332B-B2DB-4DEF-9C84-C699C6606ECE}.Debug|x86.ActiveCfg = Debug|Any CPU
		{F20F332B-B2DB-4DEF-9C84-C699C6606ECE}.Debug|x86.Build.0 = Debug|Any CPU
		{F20F332B-B2DB-4DEF-9C84-C699C6606ECE}.Release|Any CPU.ActiveCfg = Release|Any CPU
		{F20F332B-B2DB-4DEF-9C84-C699C6606ECE}.Release|Any CPU.Build.0 = Release|Any CPU
		{F20F332B-B2DB-4DEF-9C84-C699C6606ECE}.Release|x64.ActiveCfg = Release|Any CPU
		{F20F332B-B2DB-4DEF-9C84-C699C6606ECE}.Release|x64.Build.0 = Release|Any CPU
		{F20F332B-B2DB-4DEF-9C84-C699C6606ECE}.Release|x86.ActiveCfg = Release|Any CPU
		{F20F332B-B2DB-4DEF-9C84-C699C6606ECE}.Release|x86.Build.0 = Release|Any CPU
		{98E672A7-C0A8-4875-A92D-895E6A06925F}.Debug|Any CPU.ActiveCfg = Debug|Any CPU
		{98E672A7-C0A8-4875-A92D-895E6A06925F}.Debug|Any CPU.Build.0 = Debug|Any CPU
		{98E672A7-C0A8-4875-A92D-895E6A06925F}.Debug|x64.ActiveCfg = Debug|Any CPU
		{98E672A7-C0A8-4875-A92D-895E6A06925F}.Debug|x64.Build.0 = Debug|Any CPU
		{98E672A7-C0A8-4875-A92D-895E6A06925F}.Debug|x86.ActiveCfg = Debug|Any CPU
		{98E672A7-C0A8-4875-A92D-895E6A06925F}.Debug|x86.Build.0 = Debug|Any CPU
		{98E672A7-C0A8-4875-A92D-895E6A06925F}.Release|Any CPU.ActiveCfg = Release|Any CPU
		{98E672A7-C0A8-4875-A92D-895E6A06925F}.Release|Any CPU.Build.0 = Release|Any CPU
		{98E672A7-C0A8-4875-A92D-895E6A06925F}.Release|x64.ActiveCfg = Release|Any CPU
		{98E672A7-C0A8-4875-A92D-895E6A06925F}.Release|x64.Build.0 = Release|Any CPU
		{98E672A7-C0A8-4875-A92D-895E6A06925F}.Release|x86.ActiveCfg = Release|Any CPU
		{98E672A7-C0A8-4875-A92D-895E6A06925F}.Release|x86.Build.0 = Release|Any CPU
		{14964110-3E60-4C39-9025-6C95283903BD}.Debug|Any CPU.ActiveCfg = Debug|Any CPU
		{14964110-3E60-4C39-9025-6C95283903BD}.Debug|Any CPU.Build.0 = Debug|Any CPU
		{14964110-3E60-4C39-9025-6C95283903BD}.Debug|x64.ActiveCfg = Debug|Any CPU
		{14964110-3E60-4C39-9025-6C95283903BD}.Debug|x64.Build.0 = Debug|Any CPU
		{14964110-3E60-4C39-9025-6C95283903BD}.Debug|x86.ActiveCfg = Debug|Any CPU
		{14964110-3E60-4C39-9025-6C95283903BD}.Debug|x86.Build.0 = Debug|Any CPU
		{14964110-3E60-4C39-9025-6C95283903BD}.Release|Any CPU.ActiveCfg = Release|Any CPU
		{14964110-3E60-4C39-9025-6C95283903BD}.Release|Any CPU.Build.0 = Release|Any CPU
		{14964110-3E60-4C39-9025-6C95283903BD}.Release|x64.ActiveCfg = Release|Any CPU
		{14964110-3E60-4C39-9025-6C95283903BD}.Release|x64.Build.0 = Release|Any CPU
		{14964110-3E60-4C39-9025-6C95283903BD}.Release|x86.ActiveCfg = Release|Any CPU
		{14964110-3E60-4C39-9025-6C95283903BD}.Release|x86.Build.0 = Release|Any CPU
		{78BA37CE-A0D6-4BC2-8EC6-A8D99A30D9D5}.Debug|Any CPU.ActiveCfg = Debug|Any CPU
		{78BA37CE-A0D6-4BC2-8EC6-A8D99A30D9D5}.Debug|Any CPU.Build.0 = Debug|Any CPU
		{78BA37CE-A0D6-4BC2-8EC6-A8D99A30D9D5}.Debug|x64.ActiveCfg = Debug|Any CPU
		{78BA37CE-A0D6-4BC2-8EC6-A8D99A30D9D5}.Debug|x64.Build.0 = Debug|Any CPU
		{78BA37CE-A0D6-4BC2-8EC6-A8D99A30D9D5}.Debug|x86.ActiveCfg = Debug|Any CPU
		{78BA37CE-A0D6-4BC2-8EC6-A8D99A30D9D5}.Debug|x86.Build.0 = Debug|Any CPU
		{78BA37CE-A0D6-4BC2-8EC6-A8D99A30D9D5}.Release|Any CPU.ActiveCfg = Release|Any CPU
		{78BA37CE-A0D6-4BC2-8EC6-A8D99A30D9D5}.Release|Any CPU.Build.0 = Release|Any CPU
		{78BA37CE-A0D6-4BC2-8EC6-A8D99A30D9D5}.Release|x64.ActiveCfg = Release|Any CPU
		{78BA37CE-A0D6-4BC2-8EC6-A8D99A30D9D5}.Release|x64.Build.0 = Release|Any CPU
		{78BA37CE-A0D6-4BC2-8EC6-A8D99A30D9D5}.Release|x86.ActiveCfg = Release|Any CPU
		{78BA37CE-A0D6-4BC2-8EC6-A8D99A30D9D5}.Release|x86.Build.0 = Release|Any CPU
		{9A187539-E937-4AA4-B0DC-E214B7138770}.Debug|Any CPU.ActiveCfg = Debug|Any CPU
		{9A187539-E937-4AA4-B0DC-E214B7138770}.Debug|Any CPU.Build.0 = Debug|Any CPU
		{9A187539-E937-4AA4-B0DC-E214B7138770}.Debug|x64.ActiveCfg = Debug|Any CPU
		{9A187539-E937-4AA4-B0DC-E214B7138770}.Debug|x64.Build.0 = Debug|Any CPU
		{9A187539-E937-4AA4-B0DC-E214B7138770}.Debug|x86.ActiveCfg = Debug|Any CPU
		{9A187539-E937-4AA4-B0DC-E214B7138770}.Debug|x86.Build.0 = Debug|Any CPU
		{9A187539-E937-4AA4-B0DC-E214B7138770}.Release|Any CPU.ActiveCfg = Release|Any CPU
		{9A187539-E937-4AA4-B0DC-E214B7138770}.Release|Any CPU.Build.0 = Release|Any CPU
		{9A187539-E937-4AA4-B0DC-E214B7138770}.Release|x64.ActiveCfg = Release|Any CPU
		{9A187539-E937-4AA4-B0DC-E214B7138770}.Release|x64.Build.0 = Release|Any CPU
		{9A187539-E937-4AA4-B0DC-E214B7138770}.Release|x86.ActiveCfg = Release|Any CPU
		{9A187539-E937-4AA4-B0DC-E214B7138770}.Release|x86.Build.0 = Release|Any CPU
		{D5C0F8BA-DDFB-4F93-9BA8-F83AFA517886}.Debug|Any CPU.ActiveCfg = Debug|Any CPU
		{D5C0F8BA-DDFB-4F93-9BA8-F83AFA517886}.Debug|Any CPU.Build.0 = Debug|Any CPU
		{D5C0F8BA-DDFB-4F93-9BA8-F83AFA517886}.Debug|x64.ActiveCfg = Debug|Any CPU
		{D5C0F8BA-DDFB-4F93-9BA8-F83AFA517886}.Debug|x64.Build.0 = Debug|Any CPU
		{D5C0F8BA-DDFB-4F93-9BA8-F83AFA517886}.Debug|x86.ActiveCfg = Debug|Any CPU
		{D5C0F8BA-DDFB-4F93-9BA8-F83AFA517886}.Debug|x86.Build.0 = Debug|Any CPU
		{D5C0F8BA-DDFB-4F93-9BA8-F83AFA517886}.Release|Any CPU.ActiveCfg = Release|Any CPU
		{D5C0F8BA-DDFB-4F93-9BA8-F83AFA517886}.Release|Any CPU.Build.0 = Release|Any CPU
		{D5C0F8BA-DDFB-4F93-9BA8-F83AFA517886}.Release|x64.ActiveCfg = Release|Any CPU
		{D5C0F8BA-DDFB-4F93-9BA8-F83AFA517886}.Release|x64.Build.0 = Release|Any CPU
		{D5C0F8BA-DDFB-4F93-9BA8-F83AFA517886}.Release|x86.ActiveCfg = Release|Any CPU
		{D5C0F8BA-DDFB-4F93-9BA8-F83AFA517886}.Release|x86.Build.0 = Release|Any CPU
		{2D4800D8-FBEA-4D59-BCBF-2D504D9F73D0}.Debug|Any CPU.ActiveCfg = Debug|Any CPU
		{2D4800D8-FBEA-4D59-BCBF-2D504D9F73D0}.Debug|Any CPU.Build.0 = Debug|Any CPU
		{2D4800D8-FBEA-4D59-BCBF-2D504D9F73D0}.Debug|x64.ActiveCfg = Debug|Any CPU
		{2D4800D8-FBEA-4D59-BCBF-2D504D9F73D0}.Debug|x64.Build.0 = Debug|Any CPU
		{2D4800D8-FBEA-4D59-BCBF-2D504D9F73D0}.Debug|x86.ActiveCfg = Debug|Any CPU
		{2D4800D8-FBEA-4D59-BCBF-2D504D9F73D0}.Debug|x86.Build.0 = Debug|Any CPU
		{2D4800D8-FBEA-4D59-BCBF-2D504D9F73D0}.Release|Any CPU.ActiveCfg = Release|Any CPU
		{2D4800D8-FBEA-4D59-BCBF-2D504D9F73D0}.Release|Any CPU.Build.0 = Release|Any CPU
		{2D4800D8-FBEA-4D59-BCBF-2D504D9F73D0}.Release|x64.ActiveCfg = Release|Any CPU
		{2D4800D8-FBEA-4D59-BCBF-2D504D9F73D0}.Release|x64.Build.0 = Release|Any CPU
		{2D4800D8-FBEA-4D59-BCBF-2D504D9F73D0}.Release|x86.ActiveCfg = Release|Any CPU
		{2D4800D8-FBEA-4D59-BCBF-2D504D9F73D0}.Release|x86.Build.0 = Release|Any CPU
		{3B9B7218-7B40-4B49-BB1A-414134FEA471}.Debug|Any CPU.ActiveCfg = Debug|Any CPU
		{3B9B7218-7B40-4B49-BB1A-414134FEA471}.Debug|Any CPU.Build.0 = Debug|Any CPU
		{3B9B7218-7B40-4B49-BB1A-414134FEA471}.Debug|x64.ActiveCfg = Debug|Any CPU
		{3B9B7218-7B40-4B49-BB1A-414134FEA471}.Debug|x64.Build.0 = Debug|Any CPU
		{3B9B7218-7B40-4B49-BB1A-414134FEA471}.Debug|x86.ActiveCfg = Debug|Any CPU
		{3B9B7218-7B40-4B49-BB1A-414134FEA471}.Debug|x86.Build.0 = Debug|Any CPU
		{3B9B7218-7B40-4B49-BB1A-414134FEA471}.Release|Any CPU.ActiveCfg = Release|Any CPU
		{3B9B7218-7B40-4B49-BB1A-414134FEA471}.Release|Any CPU.Build.0 = Release|Any CPU
		{3B9B7218-7B40-4B49-BB1A-414134FEA471}.Release|x64.ActiveCfg = Release|Any CPU
		{3B9B7218-7B40-4B49-BB1A-414134FEA471}.Release|x64.Build.0 = Release|Any CPU
		{3B9B7218-7B40-4B49-BB1A-414134FEA471}.Release|x86.ActiveCfg = Release|Any CPU
		{3B9B7218-7B40-4B49-BB1A-414134FEA471}.Release|x86.Build.0 = Release|Any CPU
		{0522B87F-003D-4D7F-B360-7EEFCBE2485F}.Debug|Any CPU.ActiveCfg = Debug|Any CPU
		{0522B87F-003D-4D7F-B360-7EEFCBE2485F}.Debug|Any CPU.Build.0 = Debug|Any CPU
		{0522B87F-003D-4D7F-B360-7EEFCBE2485F}.Debug|x64.ActiveCfg = Debug|Any CPU
		{0522B87F-003D-4D7F-B360-7EEFCBE2485F}.Debug|x64.Build.0 = Debug|Any CPU
		{0522B87F-003D-4D7F-B360-7EEFCBE2485F}.Debug|x86.ActiveCfg = Debug|Any CPU
		{0522B87F-003D-4D7F-B360-7EEFCBE2485F}.Debug|x86.Build.0 = Debug|Any CPU
		{0522B87F-003D-4D7F-B360-7EEFCBE2485F}.Release|Any CPU.ActiveCfg = Release|Any CPU
		{0522B87F-003D-4D7F-B360-7EEFCBE2485F}.Release|Any CPU.Build.0 = Release|Any CPU
		{0522B87F-003D-4D7F-B360-7EEFCBE2485F}.Release|x64.ActiveCfg = Release|Any CPU
		{0522B87F-003D-4D7F-B360-7EEFCBE2485F}.Release|x64.Build.0 = Release|Any CPU
		{0522B87F-003D-4D7F-B360-7EEFCBE2485F}.Release|x86.ActiveCfg = Release|Any CPU
		{0522B87F-003D-4D7F-B360-7EEFCBE2485F}.Release|x86.Build.0 = Release|Any CPU
		{41CBCFB4-8BB6-40A8-A8CE-0E031FEB4DD0}.Debug|Any CPU.ActiveCfg = Debug|Any CPU
		{41CBCFB4-8BB6-40A8-A8CE-0E031FEB4DD0}.Debug|Any CPU.Build.0 = Debug|Any CPU
		{41CBCFB4-8BB6-40A8-A8CE-0E031FEB4DD0}.Debug|x64.ActiveCfg = Debug|Any CPU
		{41CBCFB4-8BB6-40A8-A8CE-0E031FEB4DD0}.Debug|x64.Build.0 = Debug|Any CPU
		{41CBCFB4-8BB6-40A8-A8CE-0E031FEB4DD0}.Debug|x86.ActiveCfg = Debug|Any CPU
		{41CBCFB4-8BB6-40A8-A8CE-0E031FEB4DD0}.Debug|x86.Build.0 = Debug|Any CPU
		{41CBCFB4-8BB6-40A8-A8CE-0E031FEB4DD0}.Release|Any CPU.ActiveCfg = Release|Any CPU
		{41CBCFB4-8BB6-40A8-A8CE-0E031FEB4DD0}.Release|Any CPU.Build.0 = Release|Any CPU
		{41CBCFB4-8BB6-40A8-A8CE-0E031FEB4DD0}.Release|x64.ActiveCfg = Release|Any CPU
		{41CBCFB4-8BB6-40A8-A8CE-0E031FEB4DD0}.Release|x64.Build.0 = Release|Any CPU
		{41CBCFB4-8BB6-40A8-A8CE-0E031FEB4DD0}.Release|x86.ActiveCfg = Release|Any CPU
		{41CBCFB4-8BB6-40A8-A8CE-0E031FEB4DD0}.Release|x86.Build.0 = Release|Any CPU
		{70AEAAB5-C7F0-4170-900F-1DDBA53D1988}.Debug|Any CPU.ActiveCfg = Debug|Any CPU
		{70AEAAB5-C7F0-4170-900F-1DDBA53D1988}.Debug|Any CPU.Build.0 = Debug|Any CPU
		{70AEAAB5-C7F0-4170-900F-1DDBA53D1988}.Debug|x64.ActiveCfg = Debug|Any CPU
		{70AEAAB5-C7F0-4170-900F-1DDBA53D1988}.Debug|x64.Build.0 = Debug|Any CPU
		{70AEAAB5-C7F0-4170-900F-1DDBA53D1988}.Debug|x86.ActiveCfg = Debug|Any CPU
		{70AEAAB5-C7F0-4170-900F-1DDBA53D1988}.Debug|x86.Build.0 = Debug|Any CPU
		{70AEAAB5-C7F0-4170-900F-1DDBA53D1988}.Release|Any CPU.ActiveCfg = Release|Any CPU
		{70AEAAB5-C7F0-4170-900F-1DDBA53D1988}.Release|Any CPU.Build.0 = Release|Any CPU
		{70AEAAB5-C7F0-4170-900F-1DDBA53D1988}.Release|x64.ActiveCfg = Release|Any CPU
		{70AEAAB5-C7F0-4170-900F-1DDBA53D1988}.Release|x64.Build.0 = Release|Any CPU
		{70AEAAB5-C7F0-4170-900F-1DDBA53D1988}.Release|x86.ActiveCfg = Release|Any CPU
		{70AEAAB5-C7F0-4170-900F-1DDBA53D1988}.Release|x86.Build.0 = Release|Any CPU
		{0FA8A9A2-12EF-440B-9495-112786363E20}.Debug|Any CPU.ActiveCfg = Debug|Any CPU
		{0FA8A9A2-12EF-440B-9495-112786363E20}.Debug|Any CPU.Build.0 = Debug|Any CPU
		{0FA8A9A2-12EF-440B-9495-112786363E20}.Debug|x64.ActiveCfg = Debug|Any CPU
		{0FA8A9A2-12EF-440B-9495-112786363E20}.Debug|x64.Build.0 = Debug|Any CPU
		{0FA8A9A2-12EF-440B-9495-112786363E20}.Debug|x86.ActiveCfg = Debug|Any CPU
		{0FA8A9A2-12EF-440B-9495-112786363E20}.Debug|x86.Build.0 = Debug|Any CPU
		{0FA8A9A2-12EF-440B-9495-112786363E20}.Release|Any CPU.ActiveCfg = Release|Any CPU
		{0FA8A9A2-12EF-440B-9495-112786363E20}.Release|Any CPU.Build.0 = Release|Any CPU
		{0FA8A9A2-12EF-440B-9495-112786363E20}.Release|x64.ActiveCfg = Release|Any CPU
		{0FA8A9A2-12EF-440B-9495-112786363E20}.Release|x64.Build.0 = Release|Any CPU
		{0FA8A9A2-12EF-440B-9495-112786363E20}.Release|x86.ActiveCfg = Release|Any CPU
		{0FA8A9A2-12EF-440B-9495-112786363E20}.Release|x86.Build.0 = Release|Any CPU
		{20E5C770-8279-4780-8367-FF8E6EE8B30B}.Debug|Any CPU.ActiveCfg = Debug|Any CPU
		{20E5C770-8279-4780-8367-FF8E6EE8B30B}.Debug|Any CPU.Build.0 = Debug|Any CPU
		{20E5C770-8279-4780-8367-FF8E6EE8B30B}.Debug|x64.ActiveCfg = Debug|Any CPU
		{20E5C770-8279-4780-8367-FF8E6EE8B30B}.Debug|x64.Build.0 = Debug|Any CPU
		{20E5C770-8279-4780-8367-FF8E6EE8B30B}.Debug|x86.ActiveCfg = Debug|Any CPU
		{20E5C770-8279-4780-8367-FF8E6EE8B30B}.Debug|x86.Build.0 = Debug|Any CPU
		{20E5C770-8279-4780-8367-FF8E6EE8B30B}.Release|Any CPU.ActiveCfg = Release|Any CPU
		{20E5C770-8279-4780-8367-FF8E6EE8B30B}.Release|Any CPU.Build.0 = Release|Any CPU
		{20E5C770-8279-4780-8367-FF8E6EE8B30B}.Release|x64.ActiveCfg = Release|Any CPU
		{20E5C770-8279-4780-8367-FF8E6EE8B30B}.Release|x64.Build.0 = Release|Any CPU
		{20E5C770-8279-4780-8367-FF8E6EE8B30B}.Release|x86.ActiveCfg = Release|Any CPU
		{20E5C770-8279-4780-8367-FF8E6EE8B30B}.Release|x86.Build.0 = Release|Any CPU
		{EA4C5ABA-4956-4418-BD17-B3DEF6E89EEB}.Debug|Any CPU.ActiveCfg = Debug|Any CPU
		{EA4C5ABA-4956-4418-BD17-B3DEF6E89EEB}.Debug|Any CPU.Build.0 = Debug|Any CPU
		{EA4C5ABA-4956-4418-BD17-B3DEF6E89EEB}.Debug|x64.ActiveCfg = Debug|Any CPU
		{EA4C5ABA-4956-4418-BD17-B3DEF6E89EEB}.Debug|x64.Build.0 = Debug|Any CPU
		{EA4C5ABA-4956-4418-BD17-B3DEF6E89EEB}.Debug|x86.ActiveCfg = Debug|Any CPU
		{EA4C5ABA-4956-4418-BD17-B3DEF6E89EEB}.Debug|x86.Build.0 = Debug|Any CPU
		{EA4C5ABA-4956-4418-BD17-B3DEF6E89EEB}.Release|Any CPU.ActiveCfg = Release|Any CPU
		{EA4C5ABA-4956-4418-BD17-B3DEF6E89EEB}.Release|Any CPU.Build.0 = Release|Any CPU
		{EA4C5ABA-4956-4418-BD17-B3DEF6E89EEB}.Release|x64.ActiveCfg = Release|Any CPU
		{EA4C5ABA-4956-4418-BD17-B3DEF6E89EEB}.Release|x64.Build.0 = Release|Any CPU
		{EA4C5ABA-4956-4418-BD17-B3DEF6E89EEB}.Release|x86.ActiveCfg = Release|Any CPU
		{EA4C5ABA-4956-4418-BD17-B3DEF6E89EEB}.Release|x86.Build.0 = Release|Any CPU
		{18EB5256-C6B6-43DF-9F2F-C450FF146C7B}.Debug|Any CPU.ActiveCfg = Debug|Any CPU
		{18EB5256-C6B6-43DF-9F2F-C450FF146C7B}.Debug|Any CPU.Build.0 = Debug|Any CPU
		{18EB5256-C6B6-43DF-9F2F-C450FF146C7B}.Debug|x64.ActiveCfg = Debug|Any CPU
		{18EB5256-C6B6-43DF-9F2F-C450FF146C7B}.Debug|x64.Build.0 = Debug|Any CPU
		{18EB5256-C6B6-43DF-9F2F-C450FF146C7B}.Debug|x86.ActiveCfg = Debug|Any CPU
		{18EB5256-C6B6-43DF-9F2F-C450FF146C7B}.Debug|x86.Build.0 = Debug|Any CPU
		{18EB5256-C6B6-43DF-9F2F-C450FF146C7B}.Release|Any CPU.ActiveCfg = Release|Any CPU
		{18EB5256-C6B6-43DF-9F2F-C450FF146C7B}.Release|Any CPU.Build.0 = Release|Any CPU
		{18EB5256-C6B6-43DF-9F2F-C450FF146C7B}.Release|x64.ActiveCfg = Release|Any CPU
		{18EB5256-C6B6-43DF-9F2F-C450FF146C7B}.Release|x64.Build.0 = Release|Any CPU
		{18EB5256-C6B6-43DF-9F2F-C450FF146C7B}.Release|x86.ActiveCfg = Release|Any CPU
		{18EB5256-C6B6-43DF-9F2F-C450FF146C7B}.Release|x86.Build.0 = Release|Any CPU
		{63CEB833-CA4E-4E17-9E5C-85EFF2406D83}.Debug|Any CPU.ActiveCfg = Debug|Any CPU
		{63CEB833-CA4E-4E17-9E5C-85EFF2406D83}.Debug|Any CPU.Build.0 = Debug|Any CPU
		{63CEB833-CA4E-4E17-9E5C-85EFF2406D83}.Debug|x64.ActiveCfg = Debug|Any CPU
		{63CEB833-CA4E-4E17-9E5C-85EFF2406D83}.Debug|x64.Build.0 = Debug|Any CPU
		{63CEB833-CA4E-4E17-9E5C-85EFF2406D83}.Debug|x86.ActiveCfg = Debug|Any CPU
		{63CEB833-CA4E-4E17-9E5C-85EFF2406D83}.Debug|x86.Build.0 = Debug|Any CPU
		{63CEB833-CA4E-4E17-9E5C-85EFF2406D83}.Release|Any CPU.ActiveCfg = Release|Any CPU
		{63CEB833-CA4E-4E17-9E5C-85EFF2406D83}.Release|Any CPU.Build.0 = Release|Any CPU
		{63CEB833-CA4E-4E17-9E5C-85EFF2406D83}.Release|x64.ActiveCfg = Release|Any CPU
		{63CEB833-CA4E-4E17-9E5C-85EFF2406D83}.Release|x64.Build.0 = Release|Any CPU
		{63CEB833-CA4E-4E17-9E5C-85EFF2406D83}.Release|x86.ActiveCfg = Release|Any CPU
		{63CEB833-CA4E-4E17-9E5C-85EFF2406D83}.Release|x86.Build.0 = Release|Any CPU
		{858FB7DB-BDAE-4D78-B665-366DDA5B90EB}.Debug|Any CPU.ActiveCfg = Debug|Any CPU
		{858FB7DB-BDAE-4D78-B665-366DDA5B90EB}.Debug|Any CPU.Build.0 = Debug|Any CPU
		{858FB7DB-BDAE-4D78-B665-366DDA5B90EB}.Debug|x64.ActiveCfg = Debug|Any CPU
		{858FB7DB-BDAE-4D78-B665-366DDA5B90EB}.Debug|x64.Build.0 = Debug|Any CPU
		{858FB7DB-BDAE-4D78-B665-366DDA5B90EB}.Debug|x86.ActiveCfg = Debug|Any CPU
		{858FB7DB-BDAE-4D78-B665-366DDA5B90EB}.Debug|x86.Build.0 = Debug|Any CPU
		{858FB7DB-BDAE-4D78-B665-366DDA5B90EB}.Release|Any CPU.ActiveCfg = Release|Any CPU
		{858FB7DB-BDAE-4D78-B665-366DDA5B90EB}.Release|Any CPU.Build.0 = Release|Any CPU
		{858FB7DB-BDAE-4D78-B665-366DDA5B90EB}.Release|x64.ActiveCfg = Release|Any CPU
		{858FB7DB-BDAE-4D78-B665-366DDA5B90EB}.Release|x64.Build.0 = Release|Any CPU
		{858FB7DB-BDAE-4D78-B665-366DDA5B90EB}.Release|x86.ActiveCfg = Release|Any CPU
		{858FB7DB-BDAE-4D78-B665-366DDA5B90EB}.Release|x86.Build.0 = Release|Any CPU
		{AFE508C6-E580-485C-B943-9B0D5C8B087A}.Debug|Any CPU.ActiveCfg = Debug|Any CPU
		{AFE508C6-E580-485C-B943-9B0D5C8B087A}.Debug|Any CPU.Build.0 = Debug|Any CPU
		{AFE508C6-E580-485C-B943-9B0D5C8B087A}.Debug|x64.ActiveCfg = Debug|Any CPU
		{AFE508C6-E580-485C-B943-9B0D5C8B087A}.Debug|x64.Build.0 = Debug|Any CPU
		{AFE508C6-E580-485C-B943-9B0D5C8B087A}.Debug|x86.ActiveCfg = Debug|Any CPU
		{AFE508C6-E580-485C-B943-9B0D5C8B087A}.Debug|x86.Build.0 = Debug|Any CPU
		{AFE508C6-E580-485C-B943-9B0D5C8B087A}.Release|Any CPU.ActiveCfg = Release|Any CPU
		{AFE508C6-E580-485C-B943-9B0D5C8B087A}.Release|Any CPU.Build.0 = Release|Any CPU
		{AFE508C6-E580-485C-B943-9B0D5C8B087A}.Release|x64.ActiveCfg = Release|Any CPU
		{AFE508C6-E580-485C-B943-9B0D5C8B087A}.Release|x64.Build.0 = Release|Any CPU
		{AFE508C6-E580-485C-B943-9B0D5C8B087A}.Release|x86.ActiveCfg = Release|Any CPU
		{AFE508C6-E580-485C-B943-9B0D5C8B087A}.Release|x86.Build.0 = Release|Any CPU
		{E03504CF-D332-43E4-9828-2426C7DF5E2F}.Debug|Any CPU.ActiveCfg = Debug|Any CPU
		{E03504CF-D332-43E4-9828-2426C7DF5E2F}.Debug|Any CPU.Build.0 = Debug|Any CPU
		{E03504CF-D332-43E4-9828-2426C7DF5E2F}.Debug|x64.ActiveCfg = Debug|Any CPU
		{E03504CF-D332-43E4-9828-2426C7DF5E2F}.Debug|x64.Build.0 = Debug|Any CPU
		{E03504CF-D332-43E4-9828-2426C7DF5E2F}.Debug|x86.ActiveCfg = Debug|Any CPU
		{E03504CF-D332-43E4-9828-2426C7DF5E2F}.Debug|x86.Build.0 = Debug|Any CPU
		{E03504CF-D332-43E4-9828-2426C7DF5E2F}.Release|Any CPU.ActiveCfg = Release|Any CPU
		{E03504CF-D332-43E4-9828-2426C7DF5E2F}.Release|Any CPU.Build.0 = Release|Any CPU
		{E03504CF-D332-43E4-9828-2426C7DF5E2F}.Release|x64.ActiveCfg = Release|Any CPU
		{E03504CF-D332-43E4-9828-2426C7DF5E2F}.Release|x64.Build.0 = Release|Any CPU
		{E03504CF-D332-43E4-9828-2426C7DF5E2F}.Release|x86.ActiveCfg = Release|Any CPU
		{E03504CF-D332-43E4-9828-2426C7DF5E2F}.Release|x86.Build.0 = Release|Any CPU
		{BD23BF0F-6E4D-4198-B55C-251040801942}.Debug|Any CPU.ActiveCfg = Debug|Any CPU
		{BD23BF0F-6E4D-4198-B55C-251040801942}.Debug|Any CPU.Build.0 = Debug|Any CPU
		{BD23BF0F-6E4D-4198-B55C-251040801942}.Debug|x64.ActiveCfg = Debug|Any CPU
		{BD23BF0F-6E4D-4198-B55C-251040801942}.Debug|x64.Build.0 = Debug|Any CPU
		{BD23BF0F-6E4D-4198-B55C-251040801942}.Debug|x86.ActiveCfg = Debug|Any CPU
		{BD23BF0F-6E4D-4198-B55C-251040801942}.Debug|x86.Build.0 = Debug|Any CPU
		{BD23BF0F-6E4D-4198-B55C-251040801942}.Release|Any CPU.ActiveCfg = Release|Any CPU
		{BD23BF0F-6E4D-4198-B55C-251040801942}.Release|Any CPU.Build.0 = Release|Any CPU
		{BD23BF0F-6E4D-4198-B55C-251040801942}.Release|x64.ActiveCfg = Release|Any CPU
		{BD23BF0F-6E4D-4198-B55C-251040801942}.Release|x64.Build.0 = Release|Any CPU
		{BD23BF0F-6E4D-4198-B55C-251040801942}.Release|x86.ActiveCfg = Release|Any CPU
		{BD23BF0F-6E4D-4198-B55C-251040801942}.Release|x86.Build.0 = Release|Any CPU
		{7456BB4B-0EBD-495D-9F57-3D1983D87325}.Debug|Any CPU.ActiveCfg = Debug|Any CPU
		{7456BB4B-0EBD-495D-9F57-3D1983D87325}.Debug|Any CPU.Build.0 = Debug|Any CPU
		{7456BB4B-0EBD-495D-9F57-3D1983D87325}.Debug|x64.ActiveCfg = Debug|Any CPU
		{7456BB4B-0EBD-495D-9F57-3D1983D87325}.Debug|x64.Build.0 = Debug|Any CPU
		{7456BB4B-0EBD-495D-9F57-3D1983D87325}.Debug|x86.ActiveCfg = Debug|Any CPU
		{7456BB4B-0EBD-495D-9F57-3D1983D87325}.Debug|x86.Build.0 = Debug|Any CPU
		{7456BB4B-0EBD-495D-9F57-3D1983D87325}.Release|Any CPU.ActiveCfg = Release|Any CPU
		{7456BB4B-0EBD-495D-9F57-3D1983D87325}.Release|Any CPU.Build.0 = Release|Any CPU
		{7456BB4B-0EBD-495D-9F57-3D1983D87325}.Release|x64.ActiveCfg = Release|Any CPU
		{7456BB4B-0EBD-495D-9F57-3D1983D87325}.Release|x64.Build.0 = Release|Any CPU
		{7456BB4B-0EBD-495D-9F57-3D1983D87325}.Release|x86.ActiveCfg = Release|Any CPU
		{7456BB4B-0EBD-495D-9F57-3D1983D87325}.Release|x86.Build.0 = Release|Any CPU
		{20B148EE-D5DA-4425-AC32-82771E02AA28}.Debug|Any CPU.ActiveCfg = Debug|Any CPU
		{20B148EE-D5DA-4425-AC32-82771E02AA28}.Debug|Any CPU.Build.0 = Debug|Any CPU
		{20B148EE-D5DA-4425-AC32-82771E02AA28}.Debug|x64.ActiveCfg = Debug|Any CPU
		{20B148EE-D5DA-4425-AC32-82771E02AA28}.Debug|x64.Build.0 = Debug|Any CPU
		{20B148EE-D5DA-4425-AC32-82771E02AA28}.Debug|x86.ActiveCfg = Debug|Any CPU
		{20B148EE-D5DA-4425-AC32-82771E02AA28}.Debug|x86.Build.0 = Debug|Any CPU
		{20B148EE-D5DA-4425-AC32-82771E02AA28}.Release|Any CPU.ActiveCfg = Release|Any CPU
		{20B148EE-D5DA-4425-AC32-82771E02AA28}.Release|Any CPU.Build.0 = Release|Any CPU
		{20B148EE-D5DA-4425-AC32-82771E02AA28}.Release|x64.ActiveCfg = Release|Any CPU
		{20B148EE-D5DA-4425-AC32-82771E02AA28}.Release|x64.Build.0 = Release|Any CPU
		{20B148EE-D5DA-4425-AC32-82771E02AA28}.Release|x86.ActiveCfg = Release|Any CPU
		{20B148EE-D5DA-4425-AC32-82771E02AA28}.Release|x86.Build.0 = Release|Any CPU
		{C486137E-8A2B-4FD0-833B-8137672796D1}.Debug|Any CPU.ActiveCfg = Debug|Any CPU
		{C486137E-8A2B-4FD0-833B-8137672796D1}.Debug|Any CPU.Build.0 = Debug|Any CPU
		{C486137E-8A2B-4FD0-833B-8137672796D1}.Debug|x64.ActiveCfg = Debug|Any CPU
		{C486137E-8A2B-4FD0-833B-8137672796D1}.Debug|x64.Build.0 = Debug|Any CPU
		{C486137E-8A2B-4FD0-833B-8137672796D1}.Debug|x86.ActiveCfg = Debug|Any CPU
		{C486137E-8A2B-4FD0-833B-8137672796D1}.Debug|x86.Build.0 = Debug|Any CPU
		{C486137E-8A2B-4FD0-833B-8137672796D1}.Release|Any CPU.ActiveCfg = Release|Any CPU
		{C486137E-8A2B-4FD0-833B-8137672796D1}.Release|Any CPU.Build.0 = Release|Any CPU
		{C486137E-8A2B-4FD0-833B-8137672796D1}.Release|x64.ActiveCfg = Release|Any CPU
		{C486137E-8A2B-4FD0-833B-8137672796D1}.Release|x64.Build.0 = Release|Any CPU
		{C486137E-8A2B-4FD0-833B-8137672796D1}.Release|x86.ActiveCfg = Release|Any CPU
		{C486137E-8A2B-4FD0-833B-8137672796D1}.Release|x86.Build.0 = Release|Any CPU
		{3A7FB2FA-0CD8-4DAA-8194-90654E79F092}.Debug|Any CPU.ActiveCfg = Debug|Any CPU
		{3A7FB2FA-0CD8-4DAA-8194-90654E79F092}.Debug|Any CPU.Build.0 = Debug|Any CPU
		{3A7FB2FA-0CD8-4DAA-8194-90654E79F092}.Debug|x64.ActiveCfg = Debug|Any CPU
		{3A7FB2FA-0CD8-4DAA-8194-90654E79F092}.Debug|x64.Build.0 = Debug|Any CPU
		{3A7FB2FA-0CD8-4DAA-8194-90654E79F092}.Debug|x86.ActiveCfg = Debug|Any CPU
		{3A7FB2FA-0CD8-4DAA-8194-90654E79F092}.Debug|x86.Build.0 = Debug|Any CPU
		{3A7FB2FA-0CD8-4DAA-8194-90654E79F092}.Release|Any CPU.ActiveCfg = Release|Any CPU
		{3A7FB2FA-0CD8-4DAA-8194-90654E79F092}.Release|Any CPU.Build.0 = Release|Any CPU
		{3A7FB2FA-0CD8-4DAA-8194-90654E79F092}.Release|x64.ActiveCfg = Release|Any CPU
		{3A7FB2FA-0CD8-4DAA-8194-90654E79F092}.Release|x64.Build.0 = Release|Any CPU
		{3A7FB2FA-0CD8-4DAA-8194-90654E79F092}.Release|x86.ActiveCfg = Release|Any CPU
		{3A7FB2FA-0CD8-4DAA-8194-90654E79F092}.Release|x86.Build.0 = Release|Any CPU
		{A7D0B18D-CFDD-4A8F-9ADE-7170DD2BD609}.Debug|Any CPU.ActiveCfg = Debug|Any CPU
		{A7D0B18D-CFDD-4A8F-9ADE-7170DD2BD609}.Debug|Any CPU.Build.0 = Debug|Any CPU
		{A7D0B18D-CFDD-4A8F-9ADE-7170DD2BD609}.Debug|x64.ActiveCfg = Debug|Any CPU
		{A7D0B18D-CFDD-4A8F-9ADE-7170DD2BD609}.Debug|x64.Build.0 = Debug|Any CPU
		{A7D0B18D-CFDD-4A8F-9ADE-7170DD2BD609}.Debug|x86.ActiveCfg = Debug|Any CPU
		{A7D0B18D-CFDD-4A8F-9ADE-7170DD2BD609}.Debug|x86.Build.0 = Debug|Any CPU
		{A7D0B18D-CFDD-4A8F-9ADE-7170DD2BD609}.Release|Any CPU.ActiveCfg = Release|Any CPU
		{A7D0B18D-CFDD-4A8F-9ADE-7170DD2BD609}.Release|Any CPU.Build.0 = Release|Any CPU
		{A7D0B18D-CFDD-4A8F-9ADE-7170DD2BD609}.Release|x64.ActiveCfg = Release|Any CPU
		{A7D0B18D-CFDD-4A8F-9ADE-7170DD2BD609}.Release|x64.Build.0 = Release|Any CPU
		{A7D0B18D-CFDD-4A8F-9ADE-7170DD2BD609}.Release|x86.ActiveCfg = Release|Any CPU
		{A7D0B18D-CFDD-4A8F-9ADE-7170DD2BD609}.Release|x86.Build.0 = Release|Any CPU
		{30AAF327-487C-4456-8BBC-99C1B79594F0}.Debug|Any CPU.ActiveCfg = Debug|Any CPU
		{30AAF327-487C-4456-8BBC-99C1B79594F0}.Debug|Any CPU.Build.0 = Debug|Any CPU
		{30AAF327-487C-4456-8BBC-99C1B79594F0}.Debug|x64.ActiveCfg = Debug|Any CPU
		{30AAF327-487C-4456-8BBC-99C1B79594F0}.Debug|x64.Build.0 = Debug|Any CPU
		{30AAF327-487C-4456-8BBC-99C1B79594F0}.Debug|x86.ActiveCfg = Debug|Any CPU
		{30AAF327-487C-4456-8BBC-99C1B79594F0}.Debug|x86.Build.0 = Debug|Any CPU
		{30AAF327-487C-4456-8BBC-99C1B79594F0}.Release|Any CPU.ActiveCfg = Release|Any CPU
		{30AAF327-487C-4456-8BBC-99C1B79594F0}.Release|Any CPU.Build.0 = Release|Any CPU
		{30AAF327-487C-4456-8BBC-99C1B79594F0}.Release|x64.ActiveCfg = Release|Any CPU
		{30AAF327-487C-4456-8BBC-99C1B79594F0}.Release|x64.Build.0 = Release|Any CPU
		{30AAF327-487C-4456-8BBC-99C1B79594F0}.Release|x86.ActiveCfg = Release|Any CPU
		{30AAF327-487C-4456-8BBC-99C1B79594F0}.Release|x86.Build.0 = Release|Any CPU
		{F31DC937-B0D1-4E32-A810-B1EF035E284D}.Debug|Any CPU.ActiveCfg = Debug|Any CPU
		{F31DC937-B0D1-4E32-A810-B1EF035E284D}.Debug|Any CPU.Build.0 = Debug|Any CPU
		{F31DC937-B0D1-4E32-A810-B1EF035E284D}.Debug|x64.ActiveCfg = Debug|Any CPU
		{F31DC937-B0D1-4E32-A810-B1EF035E284D}.Debug|x64.Build.0 = Debug|Any CPU
		{F31DC937-B0D1-4E32-A810-B1EF035E284D}.Debug|x86.ActiveCfg = Debug|Any CPU
		{F31DC937-B0D1-4E32-A810-B1EF035E284D}.Debug|x86.Build.0 = Debug|Any CPU
		{F31DC937-B0D1-4E32-A810-B1EF035E284D}.Release|Any CPU.ActiveCfg = Release|Any CPU
		{F31DC937-B0D1-4E32-A810-B1EF035E284D}.Release|Any CPU.Build.0 = Release|Any CPU
		{F31DC937-B0D1-4E32-A810-B1EF035E284D}.Release|x64.ActiveCfg = Release|Any CPU
		{F31DC937-B0D1-4E32-A810-B1EF035E284D}.Release|x64.Build.0 = Release|Any CPU
		{F31DC937-B0D1-4E32-A810-B1EF035E284D}.Release|x86.ActiveCfg = Release|Any CPU
		{F31DC937-B0D1-4E32-A810-B1EF035E284D}.Release|x86.Build.0 = Release|Any CPU
		{12DAEF70-1BED-4EC9-B40A-EDA8D03FC553}.Debug|Any CPU.ActiveCfg = Debug|Any CPU
		{12DAEF70-1BED-4EC9-B40A-EDA8D03FC553}.Debug|Any CPU.Build.0 = Debug|Any CPU
		{12DAEF70-1BED-4EC9-B40A-EDA8D03FC553}.Debug|x64.ActiveCfg = Debug|Any CPU
		{12DAEF70-1BED-4EC9-B40A-EDA8D03FC553}.Debug|x64.Build.0 = Debug|Any CPU
		{12DAEF70-1BED-4EC9-B40A-EDA8D03FC553}.Debug|x86.ActiveCfg = Debug|Any CPU
		{12DAEF70-1BED-4EC9-B40A-EDA8D03FC553}.Debug|x86.Build.0 = Debug|Any CPU
		{12DAEF70-1BED-4EC9-B40A-EDA8D03FC553}.Release|Any CPU.ActiveCfg = Release|Any CPU
		{12DAEF70-1BED-4EC9-B40A-EDA8D03FC553}.Release|Any CPU.Build.0 = Release|Any CPU
		{12DAEF70-1BED-4EC9-B40A-EDA8D03FC553}.Release|x64.ActiveCfg = Release|Any CPU
		{12DAEF70-1BED-4EC9-B40A-EDA8D03FC553}.Release|x64.Build.0 = Release|Any CPU
		{12DAEF70-1BED-4EC9-B40A-EDA8D03FC553}.Release|x86.ActiveCfg = Release|Any CPU
		{12DAEF70-1BED-4EC9-B40A-EDA8D03FC553}.Release|x86.Build.0 = Release|Any CPU
		{4EB04121-F9E6-4B05-B019-C4F7F6A3AA44}.Debug|Any CPU.ActiveCfg = Debug|Any CPU
		{4EB04121-F9E6-4B05-B019-C4F7F6A3AA44}.Debug|Any CPU.Build.0 = Debug|Any CPU
		{4EB04121-F9E6-4B05-B019-C4F7F6A3AA44}.Debug|x64.ActiveCfg = Debug|Any CPU
		{4EB04121-F9E6-4B05-B019-C4F7F6A3AA44}.Debug|x64.Build.0 = Debug|Any CPU
		{4EB04121-F9E6-4B05-B019-C4F7F6A3AA44}.Debug|x86.ActiveCfg = Debug|Any CPU
		{4EB04121-F9E6-4B05-B019-C4F7F6A3AA44}.Debug|x86.Build.0 = Debug|Any CPU
		{4EB04121-F9E6-4B05-B019-C4F7F6A3AA44}.Release|Any CPU.ActiveCfg = Release|Any CPU
		{4EB04121-F9E6-4B05-B019-C4F7F6A3AA44}.Release|Any CPU.Build.0 = Release|Any CPU
		{4EB04121-F9E6-4B05-B019-C4F7F6A3AA44}.Release|x64.ActiveCfg = Release|Any CPU
		{4EB04121-F9E6-4B05-B019-C4F7F6A3AA44}.Release|x64.Build.0 = Release|Any CPU
		{4EB04121-F9E6-4B05-B019-C4F7F6A3AA44}.Release|x86.ActiveCfg = Release|Any CPU
		{4EB04121-F9E6-4B05-B019-C4F7F6A3AA44}.Release|x86.Build.0 = Release|Any CPU
		{6E1C1531-7AB0-4A17-84F9-7F277BEF6DD4}.Debug|Any CPU.ActiveCfg = Debug|Any CPU
		{6E1C1531-7AB0-4A17-84F9-7F277BEF6DD4}.Debug|Any CPU.Build.0 = Debug|Any CPU
		{6E1C1531-7AB0-4A17-84F9-7F277BEF6DD4}.Debug|x64.ActiveCfg = Debug|Any CPU
		{6E1C1531-7AB0-4A17-84F9-7F277BEF6DD4}.Debug|x64.Build.0 = Debug|Any CPU
		{6E1C1531-7AB0-4A17-84F9-7F277BEF6DD4}.Debug|x86.ActiveCfg = Debug|Any CPU
		{6E1C1531-7AB0-4A17-84F9-7F277BEF6DD4}.Debug|x86.Build.0 = Debug|Any CPU
		{6E1C1531-7AB0-4A17-84F9-7F277BEF6DD4}.Release|Any CPU.ActiveCfg = Release|Any CPU
		{6E1C1531-7AB0-4A17-84F9-7F277BEF6DD4}.Release|Any CPU.Build.0 = Release|Any CPU
		{6E1C1531-7AB0-4A17-84F9-7F277BEF6DD4}.Release|x64.ActiveCfg = Release|Any CPU
		{6E1C1531-7AB0-4A17-84F9-7F277BEF6DD4}.Release|x64.Build.0 = Release|Any CPU
		{6E1C1531-7AB0-4A17-84F9-7F277BEF6DD4}.Release|x86.ActiveCfg = Release|Any CPU
		{6E1C1531-7AB0-4A17-84F9-7F277BEF6DD4}.Release|x86.Build.0 = Release|Any CPU
		{67BD9697-F4E1-4DCF-81F1-D0E6D2F54F55}.Debug|Any CPU.ActiveCfg = Debug|Any CPU
		{67BD9697-F4E1-4DCF-81F1-D0E6D2F54F55}.Debug|Any CPU.Build.0 = Debug|Any CPU
		{67BD9697-F4E1-4DCF-81F1-D0E6D2F54F55}.Debug|x64.ActiveCfg = Debug|Any CPU
		{67BD9697-F4E1-4DCF-81F1-D0E6D2F54F55}.Debug|x64.Build.0 = Debug|Any CPU
		{67BD9697-F4E1-4DCF-81F1-D0E6D2F54F55}.Debug|x86.ActiveCfg = Debug|Any CPU
		{67BD9697-F4E1-4DCF-81F1-D0E6D2F54F55}.Debug|x86.Build.0 = Debug|Any CPU
		{67BD9697-F4E1-4DCF-81F1-D0E6D2F54F55}.Release|Any CPU.ActiveCfg = Release|Any CPU
		{67BD9697-F4E1-4DCF-81F1-D0E6D2F54F55}.Release|Any CPU.Build.0 = Release|Any CPU
		{67BD9697-F4E1-4DCF-81F1-D0E6D2F54F55}.Release|x64.ActiveCfg = Release|Any CPU
		{67BD9697-F4E1-4DCF-81F1-D0E6D2F54F55}.Release|x64.Build.0 = Release|Any CPU
		{67BD9697-F4E1-4DCF-81F1-D0E6D2F54F55}.Release|x86.ActiveCfg = Release|Any CPU
		{67BD9697-F4E1-4DCF-81F1-D0E6D2F54F55}.Release|x86.Build.0 = Release|Any CPU
		{49BEE306-8595-4B71-98FC-A801094F4CCE}.Debug|Any CPU.ActiveCfg = Debug|Any CPU
		{49BEE306-8595-4B71-98FC-A801094F4CCE}.Debug|Any CPU.Build.0 = Debug|Any CPU
		{49BEE306-8595-4B71-98FC-A801094F4CCE}.Debug|x64.ActiveCfg = Debug|Any CPU
		{49BEE306-8595-4B71-98FC-A801094F4CCE}.Debug|x64.Build.0 = Debug|Any CPU
		{49BEE306-8595-4B71-98FC-A801094F4CCE}.Debug|x86.ActiveCfg = Debug|Any CPU
		{49BEE306-8595-4B71-98FC-A801094F4CCE}.Debug|x86.Build.0 = Debug|Any CPU
		{49BEE306-8595-4B71-98FC-A801094F4CCE}.Release|Any CPU.ActiveCfg = Release|Any CPU
		{49BEE306-8595-4B71-98FC-A801094F4CCE}.Release|Any CPU.Build.0 = Release|Any CPU
		{49BEE306-8595-4B71-98FC-A801094F4CCE}.Release|x64.ActiveCfg = Release|Any CPU
		{49BEE306-8595-4B71-98FC-A801094F4CCE}.Release|x64.Build.0 = Release|Any CPU
		{49BEE306-8595-4B71-98FC-A801094F4CCE}.Release|x86.ActiveCfg = Release|Any CPU
		{49BEE306-8595-4B71-98FC-A801094F4CCE}.Release|x86.Build.0 = Release|Any CPU
		{6FFAE64F-BDDB-417D-91A9-856E1ABA5DA3}.Debug|Any CPU.ActiveCfg = Debug|Any CPU
		{6FFAE64F-BDDB-417D-91A9-856E1ABA5DA3}.Debug|Any CPU.Build.0 = Debug|Any CPU
		{6FFAE64F-BDDB-417D-91A9-856E1ABA5DA3}.Debug|x64.ActiveCfg = Debug|Any CPU
		{6FFAE64F-BDDB-417D-91A9-856E1ABA5DA3}.Debug|x64.Build.0 = Debug|Any CPU
		{6FFAE64F-BDDB-417D-91A9-856E1ABA5DA3}.Debug|x86.ActiveCfg = Debug|Any CPU
		{6FFAE64F-BDDB-417D-91A9-856E1ABA5DA3}.Debug|x86.Build.0 = Debug|Any CPU
		{6FFAE64F-BDDB-417D-91A9-856E1ABA5DA3}.Release|Any CPU.ActiveCfg = Release|Any CPU
		{6FFAE64F-BDDB-417D-91A9-856E1ABA5DA3}.Release|Any CPU.Build.0 = Release|Any CPU
		{6FFAE64F-BDDB-417D-91A9-856E1ABA5DA3}.Release|x64.ActiveCfg = Release|Any CPU
		{6FFAE64F-BDDB-417D-91A9-856E1ABA5DA3}.Release|x64.Build.0 = Release|Any CPU
		{6FFAE64F-BDDB-417D-91A9-856E1ABA5DA3}.Release|x86.ActiveCfg = Release|Any CPU
		{6FFAE64F-BDDB-417D-91A9-856E1ABA5DA3}.Release|x86.Build.0 = Release|Any CPU
		{D93EA9CF-92E3-46DF-8E79-053B1563A473}.Debug|Any CPU.ActiveCfg = Debug|Any CPU
		{D93EA9CF-92E3-46DF-8E79-053B1563A473}.Debug|Any CPU.Build.0 = Debug|Any CPU
		{D93EA9CF-92E3-46DF-8E79-053B1563A473}.Debug|x64.ActiveCfg = Debug|Any CPU
		{D93EA9CF-92E3-46DF-8E79-053B1563A473}.Debug|x64.Build.0 = Debug|Any CPU
		{D93EA9CF-92E3-46DF-8E79-053B1563A473}.Debug|x86.ActiveCfg = Debug|Any CPU
		{D93EA9CF-92E3-46DF-8E79-053B1563A473}.Debug|x86.Build.0 = Debug|Any CPU
		{D93EA9CF-92E3-46DF-8E79-053B1563A473}.Release|Any CPU.ActiveCfg = Release|Any CPU
		{D93EA9CF-92E3-46DF-8E79-053B1563A473}.Release|Any CPU.Build.0 = Release|Any CPU
		{D93EA9CF-92E3-46DF-8E79-053B1563A473}.Release|x64.ActiveCfg = Release|Any CPU
		{D93EA9CF-92E3-46DF-8E79-053B1563A473}.Release|x64.Build.0 = Release|Any CPU
		{D93EA9CF-92E3-46DF-8E79-053B1563A473}.Release|x86.ActiveCfg = Release|Any CPU
		{D93EA9CF-92E3-46DF-8E79-053B1563A473}.Release|x86.Build.0 = Release|Any CPU
		{D46D415F-8329-4752-9D3A-A29B6E9ECE3A}.Debug|Any CPU.ActiveCfg = Debug|Any CPU
		{D46D415F-8329-4752-9D3A-A29B6E9ECE3A}.Debug|Any CPU.Build.0 = Debug|Any CPU
		{D46D415F-8329-4752-9D3A-A29B6E9ECE3A}.Debug|x64.ActiveCfg = Debug|Any CPU
		{D46D415F-8329-4752-9D3A-A29B6E9ECE3A}.Debug|x64.Build.0 = Debug|Any CPU
		{D46D415F-8329-4752-9D3A-A29B6E9ECE3A}.Debug|x86.ActiveCfg = Debug|Any CPU
		{D46D415F-8329-4752-9D3A-A29B6E9ECE3A}.Debug|x86.Build.0 = Debug|Any CPU
		{D46D415F-8329-4752-9D3A-A29B6E9ECE3A}.Release|Any CPU.ActiveCfg = Release|Any CPU
		{D46D415F-8329-4752-9D3A-A29B6E9ECE3A}.Release|Any CPU.Build.0 = Release|Any CPU
		{D46D415F-8329-4752-9D3A-A29B6E9ECE3A}.Release|x64.ActiveCfg = Release|Any CPU
		{D46D415F-8329-4752-9D3A-A29B6E9ECE3A}.Release|x64.Build.0 = Release|Any CPU
		{D46D415F-8329-4752-9D3A-A29B6E9ECE3A}.Release|x86.ActiveCfg = Release|Any CPU
		{D46D415F-8329-4752-9D3A-A29B6E9ECE3A}.Release|x86.Build.0 = Release|Any CPU
		{F40B2851-68B3-467A-AB23-1CF90E0293EA}.Debug|Any CPU.ActiveCfg = Debug|Any CPU
		{F40B2851-68B3-467A-AB23-1CF90E0293EA}.Debug|Any CPU.Build.0 = Debug|Any CPU
		{F40B2851-68B3-467A-AB23-1CF90E0293EA}.Debug|x64.ActiveCfg = Debug|Any CPU
		{F40B2851-68B3-467A-AB23-1CF90E0293EA}.Debug|x64.Build.0 = Debug|Any CPU
		{F40B2851-68B3-467A-AB23-1CF90E0293EA}.Debug|x86.ActiveCfg = Debug|Any CPU
		{F40B2851-68B3-467A-AB23-1CF90E0293EA}.Debug|x86.Build.0 = Debug|Any CPU
		{F40B2851-68B3-467A-AB23-1CF90E0293EA}.Release|Any CPU.ActiveCfg = Release|Any CPU
		{F40B2851-68B3-467A-AB23-1CF90E0293EA}.Release|Any CPU.Build.0 = Release|Any CPU
		{F40B2851-68B3-467A-AB23-1CF90E0293EA}.Release|x64.ActiveCfg = Release|Any CPU
		{F40B2851-68B3-467A-AB23-1CF90E0293EA}.Release|x64.Build.0 = Release|Any CPU
		{F40B2851-68B3-467A-AB23-1CF90E0293EA}.Release|x86.ActiveCfg = Release|Any CPU
		{F40B2851-68B3-467A-AB23-1CF90E0293EA}.Release|x86.Build.0 = Release|Any CPU
		{320F10BB-8BE8-47C7-BCF0-D3741AD40FD0}.Debug|Any CPU.ActiveCfg = Debug|Any CPU
		{320F10BB-8BE8-47C7-BCF0-D3741AD40FD0}.Debug|Any CPU.Build.0 = Debug|Any CPU
		{320F10BB-8BE8-47C7-BCF0-D3741AD40FD0}.Debug|x64.ActiveCfg = Debug|Any CPU
		{320F10BB-8BE8-47C7-BCF0-D3741AD40FD0}.Debug|x64.Build.0 = Debug|Any CPU
		{320F10BB-8BE8-47C7-BCF0-D3741AD40FD0}.Debug|x86.ActiveCfg = Debug|Any CPU
		{320F10BB-8BE8-47C7-BCF0-D3741AD40FD0}.Debug|x86.Build.0 = Debug|Any CPU
		{320F10BB-8BE8-47C7-BCF0-D3741AD40FD0}.Release|Any CPU.ActiveCfg = Release|Any CPU
		{320F10BB-8BE8-47C7-BCF0-D3741AD40FD0}.Release|Any CPU.Build.0 = Release|Any CPU
		{320F10BB-8BE8-47C7-BCF0-D3741AD40FD0}.Release|x64.ActiveCfg = Release|Any CPU
		{320F10BB-8BE8-47C7-BCF0-D3741AD40FD0}.Release|x64.Build.0 = Release|Any CPU
		{320F10BB-8BE8-47C7-BCF0-D3741AD40FD0}.Release|x86.ActiveCfg = Release|Any CPU
		{320F10BB-8BE8-47C7-BCF0-D3741AD40FD0}.Release|x86.Build.0 = Release|Any CPU
		{5A3D80AE-7529-4690-9ABE-812AFEE393FC}.Debug|Any CPU.ActiveCfg = Debug|Any CPU
		{5A3D80AE-7529-4690-9ABE-812AFEE393FC}.Debug|Any CPU.Build.0 = Debug|Any CPU
		{5A3D80AE-7529-4690-9ABE-812AFEE393FC}.Debug|x64.ActiveCfg = Debug|Any CPU
		{5A3D80AE-7529-4690-9ABE-812AFEE393FC}.Debug|x64.Build.0 = Debug|Any CPU
		{5A3D80AE-7529-4690-9ABE-812AFEE393FC}.Debug|x86.ActiveCfg = Debug|Any CPU
		{5A3D80AE-7529-4690-9ABE-812AFEE393FC}.Debug|x86.Build.0 = Debug|Any CPU
		{5A3D80AE-7529-4690-9ABE-812AFEE393FC}.Release|Any CPU.ActiveCfg = Release|Any CPU
		{5A3D80AE-7529-4690-9ABE-812AFEE393FC}.Release|Any CPU.Build.0 = Release|Any CPU
		{5A3D80AE-7529-4690-9ABE-812AFEE393FC}.Release|x64.ActiveCfg = Release|Any CPU
		{5A3D80AE-7529-4690-9ABE-812AFEE393FC}.Release|x64.Build.0 = Release|Any CPU
		{5A3D80AE-7529-4690-9ABE-812AFEE393FC}.Release|x86.ActiveCfg = Release|Any CPU
		{5A3D80AE-7529-4690-9ABE-812AFEE393FC}.Release|x86.Build.0 = Release|Any CPU
		{B36EE4A3-6019-4A13-9A01-FC34466E2BAA}.Debug|Any CPU.ActiveCfg = Debug|Any CPU
		{B36EE4A3-6019-4A13-9A01-FC34466E2BAA}.Debug|Any CPU.Build.0 = Debug|Any CPU
		{B36EE4A3-6019-4A13-9A01-FC34466E2BAA}.Debug|x64.ActiveCfg = Debug|Any CPU
		{B36EE4A3-6019-4A13-9A01-FC34466E2BAA}.Debug|x64.Build.0 = Debug|Any CPU
		{B36EE4A3-6019-4A13-9A01-FC34466E2BAA}.Debug|x86.ActiveCfg = Debug|Any CPU
		{B36EE4A3-6019-4A13-9A01-FC34466E2BAA}.Debug|x86.Build.0 = Debug|Any CPU
		{B36EE4A3-6019-4A13-9A01-FC34466E2BAA}.Release|Any CPU.ActiveCfg = Release|Any CPU
		{B36EE4A3-6019-4A13-9A01-FC34466E2BAA}.Release|Any CPU.Build.0 = Release|Any CPU
		{B36EE4A3-6019-4A13-9A01-FC34466E2BAA}.Release|x64.ActiveCfg = Release|Any CPU
		{B36EE4A3-6019-4A13-9A01-FC34466E2BAA}.Release|x64.Build.0 = Release|Any CPU
		{B36EE4A3-6019-4A13-9A01-FC34466E2BAA}.Release|x86.ActiveCfg = Release|Any CPU
		{B36EE4A3-6019-4A13-9A01-FC34466E2BAA}.Release|x86.Build.0 = Release|Any CPU
		{99B5DDAE-F256-42D3-BE4E-3DEF883B3063}.Debug|Any CPU.ActiveCfg = Debug|Any CPU
		{99B5DDAE-F256-42D3-BE4E-3DEF883B3063}.Debug|Any CPU.Build.0 = Debug|Any CPU
		{99B5DDAE-F256-42D3-BE4E-3DEF883B3063}.Debug|x64.ActiveCfg = Debug|Any CPU
		{99B5DDAE-F256-42D3-BE4E-3DEF883B3063}.Debug|x64.Build.0 = Debug|Any CPU
		{99B5DDAE-F256-42D3-BE4E-3DEF883B3063}.Debug|x86.ActiveCfg = Debug|Any CPU
		{99B5DDAE-F256-42D3-BE4E-3DEF883B3063}.Debug|x86.Build.0 = Debug|Any CPU
		{99B5DDAE-F256-42D3-BE4E-3DEF883B3063}.Release|Any CPU.ActiveCfg = Release|Any CPU
		{99B5DDAE-F256-42D3-BE4E-3DEF883B3063}.Release|Any CPU.Build.0 = Release|Any CPU
		{99B5DDAE-F256-42D3-BE4E-3DEF883B3063}.Release|x64.ActiveCfg = Release|Any CPU
		{99B5DDAE-F256-42D3-BE4E-3DEF883B3063}.Release|x64.Build.0 = Release|Any CPU
		{99B5DDAE-F256-42D3-BE4E-3DEF883B3063}.Release|x86.ActiveCfg = Release|Any CPU
		{99B5DDAE-F256-42D3-BE4E-3DEF883B3063}.Release|x86.Build.0 = Release|Any CPU
		{772A51A5-D6E6-4D17-B775-E73410FA8C85}.Debug|Any CPU.ActiveCfg = Debug|Any CPU
		{772A51A5-D6E6-4D17-B775-E73410FA8C85}.Debug|Any CPU.Build.0 = Debug|Any CPU
		{772A51A5-D6E6-4D17-B775-E73410FA8C85}.Debug|x64.ActiveCfg = Debug|Any CPU
		{772A51A5-D6E6-4D17-B775-E73410FA8C85}.Debug|x64.Build.0 = Debug|Any CPU
		{772A51A5-D6E6-4D17-B775-E73410FA8C85}.Debug|x86.ActiveCfg = Debug|Any CPU
		{772A51A5-D6E6-4D17-B775-E73410FA8C85}.Debug|x86.Build.0 = Debug|Any CPU
		{772A51A5-D6E6-4D17-B775-E73410FA8C85}.Release|Any CPU.ActiveCfg = Release|Any CPU
		{772A51A5-D6E6-4D17-B775-E73410FA8C85}.Release|Any CPU.Build.0 = Release|Any CPU
		{772A51A5-D6E6-4D17-B775-E73410FA8C85}.Release|x64.ActiveCfg = Release|Any CPU
		{772A51A5-D6E6-4D17-B775-E73410FA8C85}.Release|x64.Build.0 = Release|Any CPU
		{772A51A5-D6E6-4D17-B775-E73410FA8C85}.Release|x86.ActiveCfg = Release|Any CPU
		{772A51A5-D6E6-4D17-B775-E73410FA8C85}.Release|x86.Build.0 = Release|Any CPU
		{FFC5674D-BEEE-497B-BC0F-8E3733508B2A}.Debug|Any CPU.ActiveCfg = Debug|Any CPU
		{FFC5674D-BEEE-497B-BC0F-8E3733508B2A}.Debug|Any CPU.Build.0 = Debug|Any CPU
		{FFC5674D-BEEE-497B-BC0F-8E3733508B2A}.Debug|x64.ActiveCfg = Debug|Any CPU
		{FFC5674D-BEEE-497B-BC0F-8E3733508B2A}.Debug|x64.Build.0 = Debug|Any CPU
		{FFC5674D-BEEE-497B-BC0F-8E3733508B2A}.Debug|x86.ActiveCfg = Debug|Any CPU
		{FFC5674D-BEEE-497B-BC0F-8E3733508B2A}.Debug|x86.Build.0 = Debug|Any CPU
		{FFC5674D-BEEE-497B-BC0F-8E3733508B2A}.Release|Any CPU.ActiveCfg = Release|Any CPU
		{FFC5674D-BEEE-497B-BC0F-8E3733508B2A}.Release|Any CPU.Build.0 = Release|Any CPU
		{FFC5674D-BEEE-497B-BC0F-8E3733508B2A}.Release|x64.ActiveCfg = Release|Any CPU
		{FFC5674D-BEEE-497B-BC0F-8E3733508B2A}.Release|x64.Build.0 = Release|Any CPU
		{FFC5674D-BEEE-497B-BC0F-8E3733508B2A}.Release|x86.ActiveCfg = Release|Any CPU
		{FFC5674D-BEEE-497B-BC0F-8E3733508B2A}.Release|x86.Build.0 = Release|Any CPU
		{ED9BFDE0-F766-495E-B6FF-F5A1C53FB30E}.Debug|Any CPU.ActiveCfg = Debug|Any CPU
		{ED9BFDE0-F766-495E-B6FF-F5A1C53FB30E}.Debug|Any CPU.Build.0 = Debug|Any CPU
		{ED9BFDE0-F766-495E-B6FF-F5A1C53FB30E}.Debug|x64.ActiveCfg = Debug|Any CPU
		{ED9BFDE0-F766-495E-B6FF-F5A1C53FB30E}.Debug|x64.Build.0 = Debug|Any CPU
		{ED9BFDE0-F766-495E-B6FF-F5A1C53FB30E}.Debug|x86.ActiveCfg = Debug|Any CPU
		{ED9BFDE0-F766-495E-B6FF-F5A1C53FB30E}.Debug|x86.Build.0 = Debug|Any CPU
		{ED9BFDE0-F766-495E-B6FF-F5A1C53FB30E}.Release|Any CPU.ActiveCfg = Release|Any CPU
		{ED9BFDE0-F766-495E-B6FF-F5A1C53FB30E}.Release|Any CPU.Build.0 = Release|Any CPU
		{ED9BFDE0-F766-495E-B6FF-F5A1C53FB30E}.Release|x64.ActiveCfg = Release|Any CPU
		{ED9BFDE0-F766-495E-B6FF-F5A1C53FB30E}.Release|x64.Build.0 = Release|Any CPU
		{ED9BFDE0-F766-495E-B6FF-F5A1C53FB30E}.Release|x86.ActiveCfg = Release|Any CPU
		{ED9BFDE0-F766-495E-B6FF-F5A1C53FB30E}.Release|x86.Build.0 = Release|Any CPU
		{1C4D578E-E2C8-41B8-96D5-7DA5977FDF17}.Debug|Any CPU.ActiveCfg = Debug|Any CPU
		{1C4D578E-E2C8-41B8-96D5-7DA5977FDF17}.Debug|Any CPU.Build.0 = Debug|Any CPU
		{1C4D578E-E2C8-41B8-96D5-7DA5977FDF17}.Debug|x64.ActiveCfg = Debug|Any CPU
		{1C4D578E-E2C8-41B8-96D5-7DA5977FDF17}.Debug|x64.Build.0 = Debug|Any CPU
		{1C4D578E-E2C8-41B8-96D5-7DA5977FDF17}.Debug|x86.ActiveCfg = Debug|Any CPU
		{1C4D578E-E2C8-41B8-96D5-7DA5977FDF17}.Debug|x86.Build.0 = Debug|Any CPU
		{1C4D578E-E2C8-41B8-96D5-7DA5977FDF17}.Release|Any CPU.ActiveCfg = Release|Any CPU
		{1C4D578E-E2C8-41B8-96D5-7DA5977FDF17}.Release|Any CPU.Build.0 = Release|Any CPU
		{1C4D578E-E2C8-41B8-96D5-7DA5977FDF17}.Release|x64.ActiveCfg = Release|Any CPU
		{1C4D578E-E2C8-41B8-96D5-7DA5977FDF17}.Release|x64.Build.0 = Release|Any CPU
		{1C4D578E-E2C8-41B8-96D5-7DA5977FDF17}.Release|x86.ActiveCfg = Release|Any CPU
		{1C4D578E-E2C8-41B8-96D5-7DA5977FDF17}.Release|x86.Build.0 = Release|Any CPU
		{7FECBE0C-CCCF-41E6-8159-0145AFB36594}.Debug|Any CPU.ActiveCfg = Debug|Any CPU
		{7FECBE0C-CCCF-41E6-8159-0145AFB36594}.Debug|Any CPU.Build.0 = Debug|Any CPU
		{7FECBE0C-CCCF-41E6-8159-0145AFB36594}.Debug|x64.ActiveCfg = Debug|Any CPU
		{7FECBE0C-CCCF-41E6-8159-0145AFB36594}.Debug|x64.Build.0 = Debug|Any CPU
		{7FECBE0C-CCCF-41E6-8159-0145AFB36594}.Debug|x86.ActiveCfg = Debug|Any CPU
		{7FECBE0C-CCCF-41E6-8159-0145AFB36594}.Debug|x86.Build.0 = Debug|Any CPU
		{7FECBE0C-CCCF-41E6-8159-0145AFB36594}.Release|Any CPU.ActiveCfg = Release|Any CPU
		{7FECBE0C-CCCF-41E6-8159-0145AFB36594}.Release|Any CPU.Build.0 = Release|Any CPU
		{7FECBE0C-CCCF-41E6-8159-0145AFB36594}.Release|x64.ActiveCfg = Release|Any CPU
		{7FECBE0C-CCCF-41E6-8159-0145AFB36594}.Release|x64.Build.0 = Release|Any CPU
		{7FECBE0C-CCCF-41E6-8159-0145AFB36594}.Release|x86.ActiveCfg = Release|Any CPU
		{7FECBE0C-CCCF-41E6-8159-0145AFB36594}.Release|x86.Build.0 = Release|Any CPU
		{E44A1204-F615-42CB-877B-3C82CC6EF743}.Debug|Any CPU.ActiveCfg = Debug|Any CPU
		{E44A1204-F615-42CB-877B-3C82CC6EF743}.Debug|Any CPU.Build.0 = Debug|Any CPU
		{E44A1204-F615-42CB-877B-3C82CC6EF743}.Debug|x64.ActiveCfg = Debug|Any CPU
		{E44A1204-F615-42CB-877B-3C82CC6EF743}.Debug|x64.Build.0 = Debug|Any CPU
		{E44A1204-F615-42CB-877B-3C82CC6EF743}.Debug|x86.ActiveCfg = Debug|Any CPU
		{E44A1204-F615-42CB-877B-3C82CC6EF743}.Debug|x86.Build.0 = Debug|Any CPU
		{E44A1204-F615-42CB-877B-3C82CC6EF743}.Release|Any CPU.ActiveCfg = Release|Any CPU
		{E44A1204-F615-42CB-877B-3C82CC6EF743}.Release|Any CPU.Build.0 = Release|Any CPU
		{E44A1204-F615-42CB-877B-3C82CC6EF743}.Release|x64.ActiveCfg = Release|Any CPU
		{E44A1204-F615-42CB-877B-3C82CC6EF743}.Release|x64.Build.0 = Release|Any CPU
		{E44A1204-F615-42CB-877B-3C82CC6EF743}.Release|x86.ActiveCfg = Release|Any CPU
		{E44A1204-F615-42CB-877B-3C82CC6EF743}.Release|x86.Build.0 = Release|Any CPU
		{42CB9A08-A2B9-4945-A005-4DA559061101}.Debug|Any CPU.ActiveCfg = Debug|Any CPU
		{42CB9A08-A2B9-4945-A005-4DA559061101}.Debug|Any CPU.Build.0 = Debug|Any CPU
		{42CB9A08-A2B9-4945-A005-4DA559061101}.Debug|x64.ActiveCfg = Debug|Any CPU
		{42CB9A08-A2B9-4945-A005-4DA559061101}.Debug|x64.Build.0 = Debug|Any CPU
		{42CB9A08-A2B9-4945-A005-4DA559061101}.Debug|x86.ActiveCfg = Debug|Any CPU
		{42CB9A08-A2B9-4945-A005-4DA559061101}.Debug|x86.Build.0 = Debug|Any CPU
		{42CB9A08-A2B9-4945-A005-4DA559061101}.Release|Any CPU.ActiveCfg = Release|Any CPU
		{42CB9A08-A2B9-4945-A005-4DA559061101}.Release|Any CPU.Build.0 = Release|Any CPU
		{42CB9A08-A2B9-4945-A005-4DA559061101}.Release|x64.ActiveCfg = Release|Any CPU
		{42CB9A08-A2B9-4945-A005-4DA559061101}.Release|x64.Build.0 = Release|Any CPU
		{42CB9A08-A2B9-4945-A005-4DA559061101}.Release|x86.ActiveCfg = Release|Any CPU
		{42CB9A08-A2B9-4945-A005-4DA559061101}.Release|x86.Build.0 = Release|Any CPU
		{405539D2-81DD-4E69-B092-6E84E90C5C7B}.Debug|Any CPU.ActiveCfg = Debug|Any CPU
		{405539D2-81DD-4E69-B092-6E84E90C5C7B}.Debug|Any CPU.Build.0 = Debug|Any CPU
		{405539D2-81DD-4E69-B092-6E84E90C5C7B}.Debug|x64.ActiveCfg = Debug|Any CPU
		{405539D2-81DD-4E69-B092-6E84E90C5C7B}.Debug|x64.Build.0 = Debug|Any CPU
		{405539D2-81DD-4E69-B092-6E84E90C5C7B}.Debug|x86.ActiveCfg = Debug|Any CPU
		{405539D2-81DD-4E69-B092-6E84E90C5C7B}.Debug|x86.Build.0 = Debug|Any CPU
		{405539D2-81DD-4E69-B092-6E84E90C5C7B}.Release|Any CPU.ActiveCfg = Release|Any CPU
		{405539D2-81DD-4E69-B092-6E84E90C5C7B}.Release|Any CPU.Build.0 = Release|Any CPU
		{405539D2-81DD-4E69-B092-6E84E90C5C7B}.Release|x64.ActiveCfg = Release|Any CPU
		{405539D2-81DD-4E69-B092-6E84E90C5C7B}.Release|x64.Build.0 = Release|Any CPU
		{405539D2-81DD-4E69-B092-6E84E90C5C7B}.Release|x86.ActiveCfg = Release|Any CPU
		{405539D2-81DD-4E69-B092-6E84E90C5C7B}.Release|x86.Build.0 = Release|Any CPU
		{BA23AC76-E74F-4896-8A7B-F9C7C657CC32}.Debug|Any CPU.ActiveCfg = Debug|Any CPU
		{BA23AC76-E74F-4896-8A7B-F9C7C657CC32}.Debug|Any CPU.Build.0 = Debug|Any CPU
		{BA23AC76-E74F-4896-8A7B-F9C7C657CC32}.Debug|x64.ActiveCfg = Debug|Any CPU
		{BA23AC76-E74F-4896-8A7B-F9C7C657CC32}.Debug|x64.Build.0 = Debug|Any CPU
		{BA23AC76-E74F-4896-8A7B-F9C7C657CC32}.Debug|x86.ActiveCfg = Debug|Any CPU
		{BA23AC76-E74F-4896-8A7B-F9C7C657CC32}.Debug|x86.Build.0 = Debug|Any CPU
		{BA23AC76-E74F-4896-8A7B-F9C7C657CC32}.Release|Any CPU.ActiveCfg = Release|Any CPU
		{BA23AC76-E74F-4896-8A7B-F9C7C657CC32}.Release|Any CPU.Build.0 = Release|Any CPU
		{BA23AC76-E74F-4896-8A7B-F9C7C657CC32}.Release|x64.ActiveCfg = Release|Any CPU
		{BA23AC76-E74F-4896-8A7B-F9C7C657CC32}.Release|x64.Build.0 = Release|Any CPU
		{BA23AC76-E74F-4896-8A7B-F9C7C657CC32}.Release|x86.ActiveCfg = Release|Any CPU
		{BA23AC76-E74F-4896-8A7B-F9C7C657CC32}.Release|x86.Build.0 = Release|Any CPU
	EndGlobalSection
	GlobalSection(SolutionProperties) = preSolution
		HideSolutionNode = FALSE
	EndGlobalSection
	GlobalSection(NestedProjects) = preSolution
		{8D626EA8-CB54-BC41-363A-217881BEBA6E} = {827E0CD3-B72D-47B6-A68D-7590B98EB39B}
		{DFD7713D-42AA-4E17-A9EB-E62602CE853C} = {8D626EA8-CB54-BC41-363A-217881BEBA6E}
		{A18A5443-7429-4A40-BD84-D9A8C5842417} = {8D626EA8-CB54-BC41-363A-217881BEBA6E}
		{6FADF8E4-F171-45F4-86F6-D6E803CBB4A4} = {8D626EA8-CB54-BC41-363A-217881BEBA6E}
		{EC447DCF-ABFA-6E24-52A5-D7FD48A5C558} = {827E0CD3-B72D-47B6-A68D-7590B98EB39B}
		{CC6D9771-BB36-20E2-0783-D17CA0F4F312} = {EC447DCF-ABFA-6E24-52A5-D7FD48A5C558}
		{E3F62258-5503-41CA-89CB-7F4BEDE04F1C} = {CC6D9771-BB36-20E2-0783-D17CA0F4F312}
		{0C175A95-872F-4156-8AB2-253B4B2C7161} = {CC6D9771-BB36-20E2-0783-D17CA0F4F312}
		{A4AD7F86-1A89-4A84-811F-68512069F6DD} = {CC6D9771-BB36-20E2-0783-D17CA0F4F312}
		{1D7651B4-A12F-4A38-ACAC-447792C70083} = {CC6D9771-BB36-20E2-0783-D17CA0F4F312}
		{8B9223BE-58F9-A63E-2325-BA70BF78CF32} = {EC447DCF-ABFA-6E24-52A5-D7FD48A5C558}
		{69EB60A6-DC4F-44E8-AB11-497DE8E32A48} = {8B9223BE-58F9-A63E-2325-BA70BF78CF32}
		{0F1E024F-A574-4B0F-B5B6-41CB43F9BE06} = {8B9223BE-58F9-A63E-2325-BA70BF78CF32}
		{98A4A834-8574-417E-9571-B6EC5FE0237C} = {8B9223BE-58F9-A63E-2325-BA70BF78CF32}
		{177CB4A1-9C79-4C62-B042-01FB7ABFAC7A} = {8B9223BE-58F9-A63E-2325-BA70BF78CF32}
		{B11D5D8D-6434-9C06-7FB0-52D3CFE1BFFB} = {EC447DCF-ABFA-6E24-52A5-D7FD48A5C558}
		{B2725102-1022-4C35-A455-9C6BF85897EE} = {B11D5D8D-6434-9C06-7FB0-52D3CFE1BFFB}
		{F20F332B-B2DB-4DEF-9C84-C699C6606ECE} = {B11D5D8D-6434-9C06-7FB0-52D3CFE1BFFB}
		{98E672A7-C0A8-4875-A92D-895E6A06925F} = {B11D5D8D-6434-9C06-7FB0-52D3CFE1BFFB}
		{14964110-3E60-4C39-9025-6C95283903BD} = {B11D5D8D-6434-9C06-7FB0-52D3CFE1BFFB}
		{E532FD5B-0678-EC86-3423-9ED8DD7A5CA8} = {EC447DCF-ABFA-6E24-52A5-D7FD48A5C558}
		{78BA37CE-A0D6-4BC2-8EC6-A8D99A30D9D5} = {E532FD5B-0678-EC86-3423-9ED8DD7A5CA8}
		{9A187539-E937-4AA4-B0DC-E214B7138770} = {E532FD5B-0678-EC86-3423-9ED8DD7A5CA8}
		{D5C0F8BA-DDFB-4F93-9BA8-F83AFA517886} = {E532FD5B-0678-EC86-3423-9ED8DD7A5CA8}
		{2D4800D8-FBEA-4D59-BCBF-2D504D9F73D0} = {E532FD5B-0678-EC86-3423-9ED8DD7A5CA8}
		{263ADB4A-CC96-DD62-5840-CA9F7A3DF391} = {EC447DCF-ABFA-6E24-52A5-D7FD48A5C558}
		{3B9B7218-7B40-4B49-BB1A-414134FEA471} = {263ADB4A-CC96-DD62-5840-CA9F7A3DF391}
		{0522B87F-003D-4D7F-B360-7EEFCBE2485F} = {263ADB4A-CC96-DD62-5840-CA9F7A3DF391}
		{41CBCFB4-8BB6-40A8-A8CE-0E031FEB4DD0} = {263ADB4A-CC96-DD62-5840-CA9F7A3DF391}
		{70AEAAB5-C7F0-4170-900F-1DDBA53D1988} = {263ADB4A-CC96-DD62-5840-CA9F7A3DF391}
		{C917859E-28F1-638A-E280-A1CBD33F3DDB} = {EC447DCF-ABFA-6E24-52A5-D7FD48A5C558}
		{0FA8A9A2-12EF-440B-9495-112786363E20} = {C917859E-28F1-638A-E280-A1CBD33F3DDB}
		{20E5C770-8279-4780-8367-FF8E6EE8B30B} = {C917859E-28F1-638A-E280-A1CBD33F3DDB}
		{EA4C5ABA-4956-4418-BD17-B3DEF6E89EEB} = {C917859E-28F1-638A-E280-A1CBD33F3DDB}
		{18EB5256-C6B6-43DF-9F2F-C450FF146C7B} = {C917859E-28F1-638A-E280-A1CBD33F3DDB}
		{54BD9CB4-40A7-CB7C-1885-ABEB42191EAB} = {EC447DCF-ABFA-6E24-52A5-D7FD48A5C558}
		{63CEB833-CA4E-4E17-9E5C-85EFF2406D83} = {54BD9CB4-40A7-CB7C-1885-ABEB42191EAB}
		{858FB7DB-BDAE-4D78-B665-366DDA5B90EB} = {54BD9CB4-40A7-CB7C-1885-ABEB42191EAB}
		{AFE508C6-E580-485C-B943-9B0D5C8B087A} = {54BD9CB4-40A7-CB7C-1885-ABEB42191EAB}
		{E03504CF-D332-43E4-9828-2426C7DF5E2F} = {54BD9CB4-40A7-CB7C-1885-ABEB42191EAB}
		{F7A20EF6-EF47-9E19-0BA5-259CE1C78FE2} = {EC447DCF-ABFA-6E24-52A5-D7FD48A5C558}
		{BD23BF0F-6E4D-4198-B55C-251040801942} = {F7A20EF6-EF47-9E19-0BA5-259CE1C78FE2}
		{7456BB4B-0EBD-495D-9F57-3D1983D87325} = {F7A20EF6-EF47-9E19-0BA5-259CE1C78FE2}
		{20B148EE-D5DA-4425-AC32-82771E02AA28} = {F7A20EF6-EF47-9E19-0BA5-259CE1C78FE2}
		{C486137E-8A2B-4FD0-833B-8137672796D1} = {F7A20EF6-EF47-9E19-0BA5-259CE1C78FE2}
		{1542B69A-D4C3-559C-B51B-CCF007D3D113} = {EC447DCF-ABFA-6E24-52A5-D7FD48A5C558}
		{3A7FB2FA-0CD8-4DAA-8194-90654E79F092} = {1542B69A-D4C3-559C-B51B-CCF007D3D113}
		{A7D0B18D-CFDD-4A8F-9ADE-7170DD2BD609} = {1542B69A-D4C3-559C-B51B-CCF007D3D113}
		{30AAF327-487C-4456-8BBC-99C1B79594F0} = {1542B69A-D4C3-559C-B51B-CCF007D3D113}
		{F31DC937-B0D1-4E32-A810-B1EF035E284D} = {1542B69A-D4C3-559C-B51B-CCF007D3D113}
		{6CA321D5-7E75-9494-3BB3-ACFBF10F7A7A} = {EC447DCF-ABFA-6E24-52A5-D7FD48A5C558}
		{12DAEF70-1BED-4EC9-B40A-EDA8D03FC553} = {6CA321D5-7E75-9494-3BB3-ACFBF10F7A7A}
		{4EB04121-F9E6-4B05-B019-C4F7F6A3AA44} = {6CA321D5-7E75-9494-3BB3-ACFBF10F7A7A}
		{6E1C1531-7AB0-4A17-84F9-7F277BEF6DD4} = {6CA321D5-7E75-9494-3BB3-ACFBF10F7A7A}
		{67BD9697-F4E1-4DCF-81F1-D0E6D2F54F55} = {6CA321D5-7E75-9494-3BB3-ACFBF10F7A7A}
		{7C61A67A-6DDC-D87B-2AB0-AC74A1A5C79C} = {EC447DCF-ABFA-6E24-52A5-D7FD48A5C558}
		{49BEE306-8595-4B71-98FC-A801094F4CCE} = {7C61A67A-6DDC-D87B-2AB0-AC74A1A5C79C}
		{6FFAE64F-BDDB-417D-91A9-856E1ABA5DA3} = {7C61A67A-6DDC-D87B-2AB0-AC74A1A5C79C}
		{D93EA9CF-92E3-46DF-8E79-053B1563A473} = {7C61A67A-6DDC-D87B-2AB0-AC74A1A5C79C}
		{D46D415F-8329-4752-9D3A-A29B6E9ECE3A} = {7C61A67A-6DDC-D87B-2AB0-AC74A1A5C79C}
		{46A8A508-2592-3604-644D-A976000BDCE4} = {EC447DCF-ABFA-6E24-52A5-D7FD48A5C558}
		{F40B2851-68B3-467A-AB23-1CF90E0293EA} = {46A8A508-2592-3604-644D-A976000BDCE4}
		{320F10BB-8BE8-47C7-BCF0-D3741AD40FD0} = {46A8A508-2592-3604-644D-A976000BDCE4}
		{5A3D80AE-7529-4690-9ABE-812AFEE393FC} = {46A8A508-2592-3604-644D-A976000BDCE4}
		{B36EE4A3-6019-4A13-9A01-FC34466E2BAA} = {46A8A508-2592-3604-644D-A976000BDCE4}
		{9048EB7F-3875-A59E-E36B-5BD4C6F2A282} = {827E0CD3-B72D-47B6-A68D-7590B98EB39B}
		{99B5DDAE-F256-42D3-BE4E-3DEF883B3063} = {9048EB7F-3875-A59E-E36B-5BD4C6F2A282}
		{772A51A5-D6E6-4D17-B775-E73410FA8C85} = {9048EB7F-3875-A59E-E36B-5BD4C6F2A282}
		{FFC5674D-BEEE-497B-BC0F-8E3733508B2A} = {9048EB7F-3875-A59E-E36B-5BD4C6F2A282}
		{6996BBF7-DB31-59BC-C7DD-9A7CCC6138C4} = {827E0CD3-B72D-47B6-A68D-7590B98EB39B}
		{ED9BFDE0-F766-495E-B6FF-F5A1C53FB30E} = {6996BBF7-DB31-59BC-C7DD-9A7CCC6138C4}
		{C8E42992-5E42-0C2B-DBFE-AA848D06431C} = {827E0CD3-B72D-47B6-A68D-7590B98EB39B}
		{1C4D578E-E2C8-41B8-96D5-7DA5977FDF17} = {C8E42992-5E42-0C2B-DBFE-AA848D06431C}
		{7FECBE0C-CCCF-41E6-8159-0145AFB36594} = {C8E42992-5E42-0C2B-DBFE-AA848D06431C}
		{E44A1204-F615-42CB-877B-3C82CC6EF743} = {0AB3BF05-4346-4AA6-1389-037BE0695223}
		{42CB9A08-A2B9-4945-A005-4DA559061101} = {0AB3BF05-4346-4AA6-1389-037BE0695223}
		{405539D2-81DD-4E69-B092-6E84E90C5C7B} = {0AB3BF05-4346-4AA6-1389-037BE0695223}
		{BA23AC76-E74F-4896-8A7B-F9C7C657CC32} = {6996BBF7-DB31-59BC-C7DD-9A7CCC6138C4}
	EndGlobalSection
EndGlobal
